PODS:
  - AFNetworking (4.0.1):
    - AFNetworking/NSURLSession (= 4.0.1)
    - AFNetworking/Reachability (= 4.0.1)
    - AFNetworking/Security (= 4.0.1)
    - AFNetworking/Serialization (= 4.0.1)
    - AFNetworking/UIKit (= 4.0.1)
  - AFNetworking/NSURLSession (4.0.1):
    - AFNetworking/Reachability
    - AFNetworking/Security
    - AFNetworking/Serialization
  - AFNetworking/Reachability (4.0.1)
  - AFNetworking/Security (4.0.1)
  - AFNetworking/Serialization (4.0.1)
  - AFNetworking/UIKit (4.0.1):
    - AFNetworking/NSURLSession
  - BGFMDB (2.0.13):
    - BGFMDB/BG (= 2.0.13)
    - BGFMDB/FMDB (= 2.0.13)
  - BGFMDB/BG (2.0.13):
    - BGFMDB/FMDB
  - BGFMDB/FMDB (2.0.13)
  - BRPickerView (2.7.3):
    - BRPickerView/AddressPickerView (= 2.7.3)
    - BRPickerView/Base (= 2.7.3)
    - BRPickerView/DatePickerView (= 2.7.3)
    - BRPickerView/StringPickerView (= 2.7.3)
  - BRPickerView/AddressPickerView (2.7.3):
    - BRPickerView/Base
  - BRPickerView/Base (2.7.3)
  - BRPickerView/DatePickerView (2.7.3):
    - BRPickerView/Base
  - BRPickerView/StringPickerView (2.7.3):
    - BRPickerView/Base
  - IQKeyboardManager (5.0.8)
  - Masonry (1.1.0)
  - MBProgressHUD (1.2.0)
  - MJExtension (3.2.4)
  - MMDrawerController (0.6.0):
    - MMDrawerController/Core (= 0.6.0)
    - MMDrawerController/MMDrawerBarButtonItem (= 0.6.0)
    - MMDrawerController/MMDrawerVisualStates (= 0.6.0)
    - MMDrawerController/Subclass (= 0.6.0)
  - MMDrawerController/Core (0.6.0)
  - MMDrawerController/MMDrawerBarButtonItem (0.6.0):
    - MMDrawerController/Core
  - MMDrawerController/MMDrawerVisualStates (0.6.0):
    - MMDrawerController/Core
  - MMDrawerController/Subclass (0.6.0):
    - MMDrawerController/Core
  - ReactiveCocoa (2.5.2):
    - ReactiveCocoa/UI (= 2.5.2)
  - ReactiveCocoa/Core (2.5.2):
    - ReactiveCocoa/no-arc
  - ReactiveCocoa/no-arc (2.5.2)
  - ReactiveCocoa/UI (2.5.2):
    - ReactiveCocoa/Core
  - SDWebImage (4.4.8):
    - SDWebImage/Core (= 4.4.8)
  - SDWebImage/Core (4.4.8)
  - SGQRCode (3.0.1)
  - YYCache (1.0.4)
  - YYText (1.0.7)

DEPENDENCIES:
  - AFNetworking
  - BGFMDB (~> 2.0.9)
  - BRPickerView
  - IQKeyboardManager (~> 5.0.6)
  - Masonry
  - MBProgressHUD
  - MJExtension
  - MMDrawerController
  - ReactiveCocoa (from `https://github.com/zhao0/ReactiveCocoa.git`, tag `2.5.2`)
  - SDWebImage (~> 4.4.2)
  - SGQRCode (~> 3.0.1)
  - YYCache
  - YYText

SPEC REPOS:
  trunk:
    - AFNetworking
    - BGFMDB
    - BRPickerView
    - IQKeyboardManager
    - Masonry
    - MBProgressHUD
    - MJExtension
    - MMDrawerController
    - SDWebImage
    - SGQRCode
    - YYCache
    - YYText

EXTERNAL SOURCES:
  ReactiveCocoa:
    :git: https://github.com/zhao0/ReactiveCocoa.git
    :tag: 2.5.2

CHECKOUT OPTIONS:
  ReactiveCocoa:
    :git: https://github.com/zhao0/ReactiveCocoa.git
    :tag: 2.5.2

SPEC CHECKSUMS:
  AFNetworking: 7864c38297c79aaca1500c33288e429c3451fdce
  BGFMDB: 48e6823027232402a678acc7f71484b1fc9171d0
  BRPickerView: 9cc11880ac79c4872d081ccb88f306224c1501d7
  IQKeyboardManager: 266cb7b1d11f94a3e71229d77f960f9a1b538e5b
  Masonry: 678fab65091a9290e40e2832a55e7ab731aad201
  MBProgressHUD: 3ee5efcc380f6a79a7cc9b363dd669c5e1ae7406
  MJExtension: 88e0900751b6cac8de1cf724ca9838a0b28d5acb
  MMDrawerController: e3a54a5570388463ad3b36975251575b50c4e1a0
  ReactiveCocoa: 3ff25b1bd992ac79c5c79b26b6c0c1713b715bb2
  SDWebImage: 783af2c3fa36291a250030c4752ee370a9a51d13
  SGQRCode: bf02d60e18d6660a9d75ff1c8b9b467f064f054e
  YYCache: 8105b6638f5e849296c71f331ff83891a4942952
  YYText: 5c461d709e24d55a182d1441c41dc639a18a4849

PODFILE CHECKSUM: 87f5ab1e807368181670cadc4148b8db290364c9

COCOAPODS: 1.10.0
