// !$*UTF8*$!
{
	archiveVersion = 1;
	classes = {
	};
	objectVersion = 50;
	objects = {

/* Begin PBXBuildFile section */
		746D89AE914EEEF60840DCC9 /* libPods-OCTemplateDemo.a in Frameworks */ = {isa = PBXBuildFile; fileRef = FE5E611651C4AC6684ED9A39 /* libPods-OCTemplateDemo.a */; };
		D510507722F4066000D5EC64 /* ETLandscapeVC.m in Sources */ = {isa = PBXBuildFile; fileRef = D510507522F4066000D5EC64 /* ETLandscapeVC.m */; };
		D510507822F4066000D5EC64 /* ETLandscapeVC.xib in Resources */ = {isa = PBXBuildFile; fileRef = D510507622F4066000D5EC64 /* ETLandscapeVC.xib */; };
		D538EBB923161B5700A02A77 /* ShaiziModel.m in Sources */ = {isa = PBXBuildFile; fileRef = D538EBA723161B5700A02A77 /* ShaiziModel.m */; };
		D538EBBA23161B5700A02A77 /* SHaiziBoxView.m in Sources */ = {isa = PBXBuildFile; fileRef = D538EBAA23161B5700A02A77 /* SHaiziBoxView.m */; };
		D538EBBB23161B5700A02A77 /* ShaiziSetPopView.m in Sources */ = {isa = PBXBuildFile; fileRef = D538EBAB23161B5700A02A77 /* ShaiziSetPopView.m */; };
		D538EBBC23161B5700A02A77 /* ShaiziRulesPopView.m in Sources */ = {isa = PBXBuildFile; fileRef = D538EBAC23161B5700A02A77 /* ShaiziRulesPopView.m */; };
		D538EBBD23161B5700A02A77 /* ShaiziRulesPopView.xib in Resources */ = {isa = PBXBuildFile; fileRef = D538EBAF23161B5700A02A77 /* ShaiziRulesPopView.xib */; };
		D538EBBE23161B5700A02A77 /* ShaiziSetPopView.xib in Resources */ = {isa = PBXBuildFile; fileRef = D538EBB023161B5700A02A77 /* ShaiziSetPopView.xib */; };
		D538EBBF23161B5700A02A77 /* ShaiziGameVC.xib in Resources */ = {isa = PBXBuildFile; fileRef = D538EBB323161B5700A02A77 /* ShaiziGameVC.xib */; };
		D538EBC023161B5700A02A77 /* ShaiziGameVC.m in Sources */ = {isa = PBXBuildFile; fileRef = D538EBB423161B5700A02A77 /* ShaiziGameVC.m */; };
		D538EBC123161B5700A02A77 /* ShaiziHomeVC.xib in Resources */ = {isa = PBXBuildFile; fileRef = D538EBB523161B5700A02A77 /* ShaiziHomeVC.xib */; };
		D538EBC223161B5700A02A77 /* ShaiziHomeVC.m in Sources */ = {isa = PBXBuildFile; fileRef = D538EBB623161B5700A02A77 /* ShaiziHomeVC.m */; };
		D538EBC523161C3600A02A77 /* ETManager.m in Sources */ = {isa = PBXBuildFile; fileRef = D538EBC323161C3600A02A77 /* ETManager.m */; };
		D538EBC823161C9D00A02A77 /* ETGlobalConstant.m in Sources */ = {isa = PBXBuildFile; fileRef = D538EBC623161C9C00A02A77 /* ETGlobalConstant.m */; };
		D538EBCB23161CBE00A02A77 /* ZhuanPanModel.m in Sources */ = {isa = PBXBuildFile; fileRef = D538EBC923161CBE00A02A77 /* ZhuanPanModel.m */; };
		D56399EE22E067AA00F836C2 /* ETBaseView.m in Sources */ = {isa = PBXBuildFile; fileRef = D56399ED22E067AA00F836C2 /* ETBaseView.m */; };
		D56399F122E067BB00F836C2 /* ETBaseModel.m in Sources */ = {isa = PBXBuildFile; fileRef = D56399F022E067BB00F836C2 /* ETBaseModel.m */; };
		D56399F922E0754700F836C2 /* ETTestCodeView.m in Sources */ = {isa = PBXBuildFile; fileRef = D56399F822E0754700F836C2 /* ETTestCodeView.m */; };
		D56399FC22E18B2600F836C2 /* ETBaseTableViewCell.m in Sources */ = {isa = PBXBuildFile; fileRef = D56399FB22E18B2600F836C2 /* ETBaseTableViewCell.m */; };
		D5639A0022E1912900F836C2 /* ETTestXibCell.m in Sources */ = {isa = PBXBuildFile; fileRef = D56399FE22E1912900F836C2 /* ETTestXibCell.m */; };
		D5639A0122E1912900F836C2 /* ETTestXibCell.xib in Resources */ = {isa = PBXBuildFile; fileRef = D56399FF22E1912900F836C2 /* ETTestXibCell.xib */; };
		D5751CBC22E5523100AF2BEA /* ETHTTPBaseManager.m in Sources */ = {isa = PBXBuildFile; fileRef = D5751CBB22E5523100AF2BEA /* ETHTTPBaseManager.m */; };
		D5751CC022E55E3D00AF2BEA /* KYHTTPGlobalManager.m in Sources */ = {isa = PBXBuildFile; fileRef = D5751CBE22E55E3C00AF2BEA /* KYHTTPGlobalManager.m */; };
		D5751CC322E5601300AF2BEA /* ETHTTPManager.m in Sources */ = {isa = PBXBuildFile; fileRef = D5751CC222E5601300AF2BEA /* ETHTTPManager.m */; };
		D5751CC722E5961200AF2BEA /* KYHttpResponseModel.m in Sources */ = {isa = PBXBuildFile; fileRef = D5751CC622E5961200AF2BEA /* KYHttpResponseModel.m */; };
		D5751CCA22E5986800AF2BEA /* NSString+KYNetworking.m in Sources */ = {isa = PBXBuildFile; fileRef = D5751CC922E5986800AF2BEA /* NSString+KYNetworking.m */; };
		D5A29AF222FA97D4005A3416 /* ETRunTimeVC.m in Sources */ = {isa = PBXBuildFile; fileRef = D5A29AF122FA97D4005A3416 /* ETRunTimeVC.m */; };
		D5A29AF522FA97F1005A3416 /* ETCar.m in Sources */ = {isa = PBXBuildFile; fileRef = D5A29AF422FA97F1005A3416 /* ETCar.m */; };
		D5A29AF822FA9817005A3416 /* ETCar+myCar.m in Sources */ = {isa = PBXBuildFile; fileRef = D5A29AF722FA9817005A3416 /* ETCar+myCar.m */; };
		D5A29AFE22FAA2D4005A3416 /* ETTestCodeCell.m in Sources */ = {isa = PBXBuildFile; fileRef = D5A29AFD22FAA2D4005A3416 /* ETTestCodeCell.m */; };
		D5A29B0322FAACB8005A3416 /* ETTestXibView.m in Sources */ = {isa = PBXBuildFile; fileRef = D5A29B0222FAACB8005A3416 /* ETTestXibView.m */; };
		D5A29B0722FAACDA005A3416 /* ETTestXibView.xib in Resources */ = {isa = PBXBuildFile; fileRef = D5A29B0622FAACDA005A3416 /* ETTestXibView.xib */; };
		D5A29B3C22FBF2DC005A3416 /* ETLeftMenuViewController.m in Sources */ = {isa = PBXBuildFile; fileRef = D5A29B3A22FBF2DC005A3416 /* ETLeftMenuViewController.m */; };
		D5A29B3D22FBF2DC005A3416 /* ETLeftMenuViewController.xib in Resources */ = {isa = PBXBuildFile; fileRef = D5A29B3B22FBF2DC005A3416 /* ETLeftMenuViewController.xib */; };
		D5ACD28F230A8747007C946D /* ETGuidePagesViewController.m in Sources */ = {isa = PBXBuildFile; fileRef = D5ACD28E230A8747007C946D /* ETGuidePagesViewController.m */; };
		D5AFA78D22F2B58F00E5B91C /* ETCustomTabbar.m in Sources */ = {isa = PBXBuildFile; fileRef = D5AFA78C22F2B58F00E5B91C /* ETCustomTabbar.m */; };
		D5FAB0AB22F8261000ECD443 /* UIButton+ETRecurClick.m in Sources */ = {isa = PBXBuildFile; fileRef = D5FAB0AA22F8261000ECD443 /* UIButton+ETRecurClick.m */; };
		D5FAB0B322FA6C6600ECD443 /* IDETemplateMacros.plist in Resources */ = {isa = PBXBuildFile; fileRef = D5FAB0B222FA6C6600ECD443 /* IDETemplateMacros.plist */; };
		FE21899D2310290000CD11C3 /* ETTestManager.m in Sources */ = {isa = PBXBuildFile; fileRef = FE21899C2310290000CD11C3 /* ETTestManager.m */; };
		FE2B8C6E22E46CE2001AEDDC /* ETSearchViewController.m in Sources */ = {isa = PBXBuildFile; fileRef = FE2B8C6C22E46CE2001AEDDC /* ETSearchViewController.m */; };
		FE2B8C6F22E46CE2001AEDDC /* ETSearchViewController.xib in Resources */ = {isa = PBXBuildFile; fileRef = FE2B8C6D22E46CE2001AEDDC /* ETSearchViewController.xib */; };
		FE2B8C7622E49B6A001AEDDC /* ETSearchTitleView.m in Sources */ = {isa = PBXBuildFile; fileRef = FE2B8C7122E49B6A001AEDDC /* ETSearchTitleView.m */; };
		FE2B8C7722E49B6A001AEDDC /* ETSearchContentView.xib in Resources */ = {isa = PBXBuildFile; fileRef = FE2B8C7322E49B6A001AEDDC /* ETSearchContentView.xib */; };
		FE2B8C7822E49B6A001AEDDC /* ETSearchContentView.m in Sources */ = {isa = PBXBuildFile; fileRef = FE2B8C7422E49B6A001AEDDC /* ETSearchContentView.m */; };
		FE2B8C8222E4A200001AEDDC /* NSData+JKEncrypt.m in Sources */ = {isa = PBXBuildFile; fileRef = FE2B8C7B22E4A200001AEDDC /* NSData+JKEncrypt.m */; };
		FE2B8C8322E4A200001AEDDC /* NSData+JKBase64.m in Sources */ = {isa = PBXBuildFile; fileRef = FE2B8C7C22E4A200001AEDDC /* NSData+JKBase64.m */; };
		FE2B8C8422E4A200001AEDDC /* NSString+JKBase64.m in Sources */ = {isa = PBXBuildFile; fileRef = FE2B8C7D22E4A200001AEDDC /* NSString+JKBase64.m */; };
		FE2B8C8522E4A200001AEDDC /* NSString+JKEncrypt.m in Sources */ = {isa = PBXBuildFile; fileRef = FE2B8C7F22E4A200001AEDDC /* NSString+JKEncrypt.m */; };
		FE3552AE22F65DB400972D0E /* UIImage+ResszingImage.m in Sources */ = {isa = PBXBuildFile; fileRef = FE3552AD22F65DB400972D0E /* UIImage+ResszingImage.m */; };
		FEA209B322ED79C70084051B /* ETNews.m in Sources */ = {isa = PBXBuildFile; fileRef = FEA209B222ED79C70084051B /* ETNews.m */; };
		FEA209B622ED79DF0084051B /* ETNewsVM.m in Sources */ = {isa = PBXBuildFile; fileRef = FEA209B522ED79DF0084051B /* ETNewsVM.m */; };
		FEA209BA22ED7B7D0084051B /* ETNewsViewController.m in Sources */ = {isa = PBXBuildFile; fileRef = FEA209B822ED7B7D0084051B /* ETNewsViewController.m */; };
		FEA209BB22ED7B7D0084051B /* ETNewsViewController.xib in Resources */ = {isa = PBXBuildFile; fileRef = FEA209B922ED7B7D0084051B /* ETNewsViewController.xib */; };
		FECFAA0822DB18E30034ECB9 /* AppDelegate.m in Sources */ = {isa = PBXBuildFile; fileRef = FECFAA0722DB18E30034ECB9 /* AppDelegate.m */; };
		FECFAA1022DB18E40034ECB9 /* Assets.xcassets in Resources */ = {isa = PBXBuildFile; fileRef = FECFAA0F22DB18E40034ECB9 /* Assets.xcassets */; };
		FECFAA1322DB18E40034ECB9 /* LaunchScreen.storyboard in Resources */ = {isa = PBXBuildFile; fileRef = FECFAA1122DB18E40034ECB9 /* LaunchScreen.storyboard */; };
		FECFAA1622DB18E40034ECB9 /* main.m in Sources */ = {isa = PBXBuildFile; fileRef = FECFAA1522DB18E40034ECB9 /* main.m */; };
		FECFAA2322DB21650034ECB9 /* ETBaseViewController.m in Sources */ = {isa = PBXBuildFile; fileRef = FECFAA2222DB21640034ECB9 /* ETBaseViewController.m */; };
		FECFAA2622DB21AF0034ECB9 /* ETMainNavigationController.m in Sources */ = {isa = PBXBuildFile; fileRef = FECFAA2522DB21AF0034ECB9 /* ETMainNavigationController.m */; };
		FECFAA2922DB221C0034ECB9 /* ETTabbarViewController.m in Sources */ = {isa = PBXBuildFile; fileRef = FECFAA2822DB221C0034ECB9 /* ETTabbarViewController.m */; };
		FECFAA3D22DB258C0034ECB9 /* LockViewController.m in Sources */ = {isa = PBXBuildFile; fileRef = FECFAA3B22DB258C0034ECB9 /* LockViewController.m */; };
		FECFAA3E22DB258C0034ECB9 /* LockViewController.xib in Resources */ = {isa = PBXBuildFile; fileRef = FECFAA3C22DB258C0034ECB9 /* LockViewController.xib */; };
		FECFAA4222DB25AA0034ECB9 /* MyCatEyeViewController.m in Sources */ = {isa = PBXBuildFile; fileRef = FECFAA4022DB25AA0034ECB9 /* MyCatEyeViewController.m */; };
		FECFAA4322DB25AA0034ECB9 /* MyCatEyeViewController.xib in Resources */ = {isa = PBXBuildFile; fileRef = FECFAA4122DB25AA0034ECB9 /* MyCatEyeViewController.xib */; };
		FECFAA4722DB25BD0034ECB9 /* GatewayViewController.m in Sources */ = {isa = PBXBuildFile; fileRef = FECFAA4522DB25BD0034ECB9 /* GatewayViewController.m */; };
		FECFAA4822DB25BD0034ECB9 /* GatewayViewController.xib in Resources */ = {isa = PBXBuildFile; fileRef = FECFAA4622DB25BD0034ECB9 /* GatewayViewController.xib */; };
		FECFAA4C22DB25D40034ECB9 /* MineViewController.m in Sources */ = {isa = PBXBuildFile; fileRef = FECFAA4A22DB25D40034ECB9 /* MineViewController.m */; };
		FECFAA4D22DB25D40034ECB9 /* MineViewController.xib in Resources */ = {isa = PBXBuildFile; fileRef = FECFAA4B22DB25D40034ECB9 /* MineViewController.xib */; };
		FECFAA5322DB317A0034ECB9 /* Foundation+Log.m in Sources */ = {isa = PBXBuildFile; fileRef = FECFAA5222DB317A0034ECB9 /* Foundation+Log.m */; };
		FECFAA5622DB31890034ECB9 /* UIView+Extension.m in Sources */ = {isa = PBXBuildFile; fileRef = FECFAA5522DB31890034ECB9 /* UIView+Extension.m */; };
		FECFAA5A22DB344D0034ECB9 /* Main.storyboard in Resources */ = {isa = PBXBuildFile; fileRef = FECFAA5922DB344D0034ECB9 /* Main.storyboard */; };
		FECFAA6022DB39990034ECB9 /* XMGInfiniteScrollView.m in Sources */ = {isa = PBXBuildFile; fileRef = FECFAA5F22DB39990034ECB9 /* XMGInfiniteScrollView.m */; };
		FECFAA6422DB39BE0034ECB9 /* XMGLabel.m in Sources */ = {isa = PBXBuildFile; fileRef = FECFAA6322DB39BE0034ECB9 /* XMGLabel.m */; };
		FECFAA6822DB39CB0034ECB9 /* SGQRCodeTool.m in Sources */ = {isa = PBXBuildFile; fileRef = FECFAA6622DB39CB0034ECB9 /* SGQRCodeTool.m */; };
		FECFAA6C22DB39E80034ECB9 /* ETWordRollView.m in Sources */ = {isa = PBXBuildFile; fileRef = FECFAA6B22DB39E80034ECB9 /* ETWordRollView.m */; };
		FECFAA7022DB39EF0034ECB9 /* UIButton+Extension.m in Sources */ = {isa = PBXBuildFile; fileRef = FECFAA6F22DB39EF0034ECB9 /* UIButton+Extension.m */; };
		FECFAA7422DB39F50034ECB9 /* UITextField+IndexPath.m in Sources */ = {isa = PBXBuildFile; fileRef = FECFAA7322DB39F50034ECB9 /* UITextField+IndexPath.m */; };
		FECFAA7922DB3DFE0034ECB9 /* ETTestBaseViewVC.m in Sources */ = {isa = PBXBuildFile; fileRef = FECFAA7722DB3DFE0034ECB9 /* ETTestBaseViewVC.m */; };
		FECFAA7A22DB3DFE0034ECB9 /* ETTestBaseViewVC.xib in Resources */ = {isa = PBXBuildFile; fileRef = FECFAA7822DB3DFE0034ECB9 /* ETTestBaseViewVC.xib */; };
		FED3C4A7231243BF0093531C /* ETDragViewController.m in Sources */ = {isa = PBXBuildFile; fileRef = FED3C4A5231243BF0093531C /* ETDragViewController.m */; };
		FED3C4A8231243BF0093531C /* ETDragViewController.xib in Resources */ = {isa = PBXBuildFile; fileRef = FED3C4A6231243BF0093531C /* ETDragViewController.xib */; };
		FED3C4AB2312442E0093531C /* ETDragRedView.m in Sources */ = {isa = PBXBuildFile; fileRef = FED3C4AA2312442E0093531C /* ETDragRedView.m */; };
		FED8A2A322F6EBA5006A4B2D /* ETCornerCell.m in Sources */ = {isa = PBXBuildFile; fileRef = FED8A2A222F6EBA5006A4B2D /* ETCornerCell.m */; };
		FED8A2A722F7161F006A4B2D /* ETCornerCell.xib in Resources */ = {isa = PBXBuildFile; fileRef = FED8A2A622F7161F006A4B2D /* ETCornerCell.xib */; };
/* End PBXBuildFile section */

/* Begin PBXFileReference section */
		1478A393BE252F039EEFC695 /* Pods-OCTemplateDemo.release.xcconfig */ = {isa = PBXFileReference; includeInIndex = 1; lastKnownFileType = text.xcconfig; name = "Pods-OCTemplateDemo.release.xcconfig"; path = "Target Support Files/Pods-OCTemplateDemo/Pods-OCTemplateDemo.release.xcconfig"; sourceTree = "<group>"; };
		379FF7FE1C13A3EF1348830E /* Pods-OCTemplateDemo.debug.xcconfig */ = {isa = PBXFileReference; includeInIndex = 1; lastKnownFileType = text.xcconfig; name = "Pods-OCTemplateDemo.debug.xcconfig"; path = "Target Support Files/Pods-OCTemplateDemo/Pods-OCTemplateDemo.debug.xcconfig"; sourceTree = "<group>"; };
		D510507422F4066000D5EC64 /* ETLandscapeVC.h */ = {isa = PBXFileReference; lastKnownFileType = sourcecode.c.h; path = ETLandscapeVC.h; sourceTree = "<group>"; };
		D510507522F4066000D5EC64 /* ETLandscapeVC.m */ = {isa = PBXFileReference; lastKnownFileType = sourcecode.c.objc; path = ETLandscapeVC.m; sourceTree = "<group>"; };
		D510507622F4066000D5EC64 /* ETLandscapeVC.xib */ = {isa = PBXFileReference; lastKnownFileType = file.xib; path = ETLandscapeVC.xib; sourceTree = "<group>"; };
		D538EBA723161B5700A02A77 /* ShaiziModel.m */ = {isa = PBXFileReference; fileEncoding = 4; lastKnownFileType = sourcecode.c.objc; path = ShaiziModel.m; sourceTree = "<group>"; };
		D538EBA823161B5700A02A77 /* ShaiziModel.h */ = {isa = PBXFileReference; fileEncoding = 4; lastKnownFileType = sourcecode.c.h; path = ShaiziModel.h; sourceTree = "<group>"; };
		D538EBAA23161B5700A02A77 /* SHaiziBoxView.m */ = {isa = PBXFileReference; fileEncoding = 4; lastKnownFileType = sourcecode.c.objc; path = SHaiziBoxView.m; sourceTree = "<group>"; };
		D538EBAB23161B5700A02A77 /* ShaiziSetPopView.m */ = {isa = PBXFileReference; fileEncoding = 4; lastKnownFileType = sourcecode.c.objc; path = ShaiziSetPopView.m; sourceTree = "<group>"; };
		D538EBAC23161B5700A02A77 /* ShaiziRulesPopView.m */ = {isa = PBXFileReference; fileEncoding = 4; lastKnownFileType = sourcecode.c.objc; path = ShaiziRulesPopView.m; sourceTree = "<group>"; };
		D538EBAD23161B5700A02A77 /* SHaiziBoxView.h */ = {isa = PBXFileReference; fileEncoding = 4; lastKnownFileType = sourcecode.c.h; path = SHaiziBoxView.h; sourceTree = "<group>"; };
		D538EBAE23161B5700A02A77 /* ShaiziSetPopView.h */ = {isa = PBXFileReference; fileEncoding = 4; lastKnownFileType = sourcecode.c.h; path = ShaiziSetPopView.h; sourceTree = "<group>"; };
		D538EBAF23161B5700A02A77 /* ShaiziRulesPopView.xib */ = {isa = PBXFileReference; fileEncoding = 4; lastKnownFileType = file.xib; path = ShaiziRulesPopView.xib; sourceTree = "<group>"; };
		D538EBB023161B5700A02A77 /* ShaiziSetPopView.xib */ = {isa = PBXFileReference; fileEncoding = 4; lastKnownFileType = file.xib; path = ShaiziSetPopView.xib; sourceTree = "<group>"; };
		D538EBB123161B5700A02A77 /* ShaiziRulesPopView.h */ = {isa = PBXFileReference; fileEncoding = 4; lastKnownFileType = sourcecode.c.h; path = ShaiziRulesPopView.h; sourceTree = "<group>"; };
		D538EBB323161B5700A02A77 /* ShaiziGameVC.xib */ = {isa = PBXFileReference; fileEncoding = 4; lastKnownFileType = file.xib; path = ShaiziGameVC.xib; sourceTree = "<group>"; };
		D538EBB423161B5700A02A77 /* ShaiziGameVC.m */ = {isa = PBXFileReference; fileEncoding = 4; lastKnownFileType = sourcecode.c.objc; path = ShaiziGameVC.m; sourceTree = "<group>"; };
		D538EBB523161B5700A02A77 /* ShaiziHomeVC.xib */ = {isa = PBXFileReference; fileEncoding = 4; lastKnownFileType = file.xib; path = ShaiziHomeVC.xib; sourceTree = "<group>"; };
		D538EBB623161B5700A02A77 /* ShaiziHomeVC.m */ = {isa = PBXFileReference; fileEncoding = 4; lastKnownFileType = sourcecode.c.objc; path = ShaiziHomeVC.m; sourceTree = "<group>"; };
		D538EBB723161B5700A02A77 /* ShaiziGameVC.h */ = {isa = PBXFileReference; fileEncoding = 4; lastKnownFileType = sourcecode.c.h; path = ShaiziGameVC.h; sourceTree = "<group>"; };
		D538EBB823161B5700A02A77 /* ShaiziHomeVC.h */ = {isa = PBXFileReference; fileEncoding = 4; lastKnownFileType = sourcecode.c.h; path = ShaiziHomeVC.h; sourceTree = "<group>"; };
		D538EBC323161C3600A02A77 /* ETManager.m */ = {isa = PBXFileReference; fileEncoding = 4; lastKnownFileType = sourcecode.c.objc; path = ETManager.m; sourceTree = "<group>"; };
		D538EBC423161C3600A02A77 /* ETManager.h */ = {isa = PBXFileReference; fileEncoding = 4; lastKnownFileType = sourcecode.c.h; path = ETManager.h; sourceTree = "<group>"; };
		D538EBC623161C9C00A02A77 /* ETGlobalConstant.m */ = {isa = PBXFileReference; fileEncoding = 4; lastKnownFileType = sourcecode.c.objc; path = ETGlobalConstant.m; sourceTree = "<group>"; };
		D538EBC723161C9C00A02A77 /* ETGlobalConstant.h */ = {isa = PBXFileReference; fileEncoding = 4; lastKnownFileType = sourcecode.c.h; path = ETGlobalConstant.h; sourceTree = "<group>"; };
		D538EBC923161CBE00A02A77 /* ZhuanPanModel.m */ = {isa = PBXFileReference; fileEncoding = 4; lastKnownFileType = sourcecode.c.objc; path = ZhuanPanModel.m; sourceTree = "<group>"; };
		D538EBCA23161CBE00A02A77 /* ZhuanPanModel.h */ = {isa = PBXFileReference; fileEncoding = 4; lastKnownFileType = sourcecode.c.h; path = ZhuanPanModel.h; sourceTree = "<group>"; };
		D56399EC22E067AA00F836C2 /* ETBaseView.h */ = {isa = PBXFileReference; lastKnownFileType = sourcecode.c.h; path = ETBaseView.h; sourceTree = "<group>"; };
		D56399ED22E067AA00F836C2 /* ETBaseView.m */ = {isa = PBXFileReference; lastKnownFileType = sourcecode.c.objc; path = ETBaseView.m; sourceTree = "<group>"; };
		D56399EF22E067BB00F836C2 /* ETBaseModel.h */ = {isa = PBXFileReference; lastKnownFileType = sourcecode.c.h; path = ETBaseModel.h; sourceTree = "<group>"; };
		D56399F022E067BB00F836C2 /* ETBaseModel.m */ = {isa = PBXFileReference; lastKnownFileType = sourcecode.c.objc; path = ETBaseModel.m; sourceTree = "<group>"; };
		D56399F722E0754700F836C2 /* ETTestCodeView.h */ = {isa = PBXFileReference; lastKnownFileType = sourcecode.c.h; path = ETTestCodeView.h; sourceTree = "<group>"; };
		D56399F822E0754700F836C2 /* ETTestCodeView.m */ = {isa = PBXFileReference; lastKnownFileType = sourcecode.c.objc; path = ETTestCodeView.m; sourceTree = "<group>"; };
		D56399FA22E18B2600F836C2 /* ETBaseTableViewCell.h */ = {isa = PBXFileReference; lastKnownFileType = sourcecode.c.h; path = ETBaseTableViewCell.h; sourceTree = "<group>"; };
		D56399FB22E18B2600F836C2 /* ETBaseTableViewCell.m */ = {isa = PBXFileReference; lastKnownFileType = sourcecode.c.objc; path = ETBaseTableViewCell.m; sourceTree = "<group>"; };
		D56399FD22E1912900F836C2 /* ETTestXibCell.h */ = {isa = PBXFileReference; lastKnownFileType = sourcecode.c.h; path = ETTestXibCell.h; sourceTree = "<group>"; };
		D56399FE22E1912900F836C2 /* ETTestXibCell.m */ = {isa = PBXFileReference; lastKnownFileType = sourcecode.c.objc; path = ETTestXibCell.m; sourceTree = "<group>"; };
		D56399FF22E1912900F836C2 /* ETTestXibCell.xib */ = {isa = PBXFileReference; lastKnownFileType = file.xib; path = ETTestXibCell.xib; sourceTree = "<group>"; };
		D5751CBA22E5523100AF2BEA /* ETHTTPBaseManager.h */ = {isa = PBXFileReference; lastKnownFileType = sourcecode.c.h; path = ETHTTPBaseManager.h; sourceTree = "<group>"; };
		D5751CBB22E5523100AF2BEA /* ETHTTPBaseManager.m */ = {isa = PBXFileReference; lastKnownFileType = sourcecode.c.objc; path = ETHTTPBaseManager.m; sourceTree = "<group>"; };
		D5751CBE22E55E3C00AF2BEA /* KYHTTPGlobalManager.m */ = {isa = PBXFileReference; fileEncoding = 4; lastKnownFileType = sourcecode.c.objc; path = KYHTTPGlobalManager.m; sourceTree = "<group>"; };
		D5751CBF22E55E3D00AF2BEA /* KYHTTPGlobalManager.h */ = {isa = PBXFileReference; fileEncoding = 4; lastKnownFileType = sourcecode.c.h; path = KYHTTPGlobalManager.h; sourceTree = "<group>"; };
		D5751CC122E5601300AF2BEA /* ETHTTPManager.h */ = {isa = PBXFileReference; lastKnownFileType = sourcecode.c.h; path = ETHTTPManager.h; sourceTree = "<group>"; };
		D5751CC222E5601300AF2BEA /* ETHTTPManager.m */ = {isa = PBXFileReference; lastKnownFileType = sourcecode.c.objc; path = ETHTTPManager.m; sourceTree = "<group>"; };
		D5751CC522E5961200AF2BEA /* KYHttpResponseModel.h */ = {isa = PBXFileReference; fileEncoding = 4; lastKnownFileType = sourcecode.c.h; path = KYHttpResponseModel.h; sourceTree = "<group>"; };
		D5751CC622E5961200AF2BEA /* KYHttpResponseModel.m */ = {isa = PBXFileReference; fileEncoding = 4; lastKnownFileType = sourcecode.c.objc; path = KYHttpResponseModel.m; sourceTree = "<group>"; };
		D5751CC822E5986800AF2BEA /* NSString+KYNetworking.h */ = {isa = PBXFileReference; fileEncoding = 4; lastKnownFileType = sourcecode.c.h; path = "NSString+KYNetworking.h"; sourceTree = "<group>"; };
		D5751CC922E5986800AF2BEA /* NSString+KYNetworking.m */ = {isa = PBXFileReference; fileEncoding = 4; lastKnownFileType = sourcecode.c.objc; path = "NSString+KYNetworking.m"; sourceTree = "<group>"; };
		D5A29AF022FA97D4005A3416 /* ETRunTimeVC.h */ = {isa = PBXFileReference; lastKnownFileType = sourcecode.c.h; path = ETRunTimeVC.h; sourceTree = "<group>"; };
		D5A29AF122FA97D4005A3416 /* ETRunTimeVC.m */ = {isa = PBXFileReference; lastKnownFileType = sourcecode.c.objc; path = ETRunTimeVC.m; sourceTree = "<group>"; };
		D5A29AF322FA97F1005A3416 /* ETCar.h */ = {isa = PBXFileReference; lastKnownFileType = sourcecode.c.h; path = ETCar.h; sourceTree = "<group>"; };
		D5A29AF422FA97F1005A3416 /* ETCar.m */ = {isa = PBXFileReference; lastKnownFileType = sourcecode.c.objc; path = ETCar.m; sourceTree = "<group>"; };
		D5A29AF622FA9817005A3416 /* ETCar+myCar.h */ = {isa = PBXFileReference; lastKnownFileType = sourcecode.c.h; path = "ETCar+myCar.h"; sourceTree = "<group>"; };
		D5A29AF722FA9817005A3416 /* ETCar+myCar.m */ = {isa = PBXFileReference; lastKnownFileType = sourcecode.c.objc; path = "ETCar+myCar.m"; sourceTree = "<group>"; };
		D5A29AFC22FAA2D4005A3416 /* ETTestCodeCell.h */ = {isa = PBXFileReference; lastKnownFileType = sourcecode.c.h; path = ETTestCodeCell.h; sourceTree = "<group>"; };
		D5A29AFD22FAA2D4005A3416 /* ETTestCodeCell.m */ = {isa = PBXFileReference; lastKnownFileType = sourcecode.c.objc; path = ETTestCodeCell.m; sourceTree = "<group>"; };
		D5A29B0122FAACB8005A3416 /* ETTestXibView.h */ = {isa = PBXFileReference; lastKnownFileType = sourcecode.c.h; path = ETTestXibView.h; sourceTree = "<group>"; };
		D5A29B0222FAACB8005A3416 /* ETTestXibView.m */ = {isa = PBXFileReference; lastKnownFileType = sourcecode.c.objc; path = ETTestXibView.m; sourceTree = "<group>"; };
		D5A29B0622FAACDA005A3416 /* ETTestXibView.xib */ = {isa = PBXFileReference; lastKnownFileType = file.xib; path = ETTestXibView.xib; sourceTree = "<group>"; };
		D5A29B3922FBF2DC005A3416 /* ETLeftMenuViewController.h */ = {isa = PBXFileReference; lastKnownFileType = sourcecode.c.h; path = ETLeftMenuViewController.h; sourceTree = "<group>"; };
		D5A29B3A22FBF2DC005A3416 /* ETLeftMenuViewController.m */ = {isa = PBXFileReference; lastKnownFileType = sourcecode.c.objc; path = ETLeftMenuViewController.m; sourceTree = "<group>"; };
		D5A29B3B22FBF2DC005A3416 /* ETLeftMenuViewController.xib */ = {isa = PBXFileReference; lastKnownFileType = file.xib; path = ETLeftMenuViewController.xib; sourceTree = "<group>"; };
		D5ACD28D230A8747007C946D /* ETGuidePagesViewController.h */ = {isa = PBXFileReference; lastKnownFileType = sourcecode.c.h; path = ETGuidePagesViewController.h; sourceTree = "<group>"; };
		D5ACD28E230A8747007C946D /* ETGuidePagesViewController.m */ = {isa = PBXFileReference; lastKnownFileType = sourcecode.c.objc; path = ETGuidePagesViewController.m; sourceTree = "<group>"; };
		D5AFA78B22F2B58F00E5B91C /* ETCustomTabbar.h */ = {isa = PBXFileReference; lastKnownFileType = sourcecode.c.h; path = ETCustomTabbar.h; sourceTree = "<group>"; };
		D5AFA78C22F2B58F00E5B91C /* ETCustomTabbar.m */ = {isa = PBXFileReference; lastKnownFileType = sourcecode.c.objc; path = ETCustomTabbar.m; sourceTree = "<group>"; };
		D5FAB0A922F8261000ECD443 /* UIButton+ETRecurClick.h */ = {isa = PBXFileReference; lastKnownFileType = sourcecode.c.h; path = "UIButton+ETRecurClick.h"; sourceTree = "<group>"; };
		D5FAB0AA22F8261000ECD443 /* UIButton+ETRecurClick.m */ = {isa = PBXFileReference; lastKnownFileType = sourcecode.c.objc; path = "UIButton+ETRecurClick.m"; sourceTree = "<group>"; };
		D5FAB0B222FA6C6600ECD443 /* IDETemplateMacros.plist */ = {isa = PBXFileReference; lastKnownFileType = text.plist.xml; path = IDETemplateMacros.plist; sourceTree = "<group>"; };
		FE21899B2310290000CD11C3 /* ETTestManager.h */ = {isa = PBXFileReference; lastKnownFileType = sourcecode.c.h; path = ETTestManager.h; sourceTree = "<group>"; };
		FE21899C2310290000CD11C3 /* ETTestManager.m */ = {isa = PBXFileReference; lastKnownFileType = sourcecode.c.objc; path = ETTestManager.m; sourceTree = "<group>"; };
		FE2B8C6B22E46CE2001AEDDC /* ETSearchViewController.h */ = {isa = PBXFileReference; lastKnownFileType = sourcecode.c.h; path = ETSearchViewController.h; sourceTree = "<group>"; };
		FE2B8C6C22E46CE2001AEDDC /* ETSearchViewController.m */ = {isa = PBXFileReference; lastKnownFileType = sourcecode.c.objc; path = ETSearchViewController.m; sourceTree = "<group>"; };
		FE2B8C6D22E46CE2001AEDDC /* ETSearchViewController.xib */ = {isa = PBXFileReference; lastKnownFileType = file.xib; path = ETSearchViewController.xib; sourceTree = "<group>"; };
		FE2B8C7122E49B6A001AEDDC /* ETSearchTitleView.m */ = {isa = PBXFileReference; fileEncoding = 4; lastKnownFileType = sourcecode.c.objc; path = ETSearchTitleView.m; sourceTree = "<group>"; };
		FE2B8C7222E49B6A001AEDDC /* ETSearchTitleView.h */ = {isa = PBXFileReference; fileEncoding = 4; lastKnownFileType = sourcecode.c.h; path = ETSearchTitleView.h; sourceTree = "<group>"; };
		FE2B8C7322E49B6A001AEDDC /* ETSearchContentView.xib */ = {isa = PBXFileReference; fileEncoding = 4; lastKnownFileType = file.xib; path = ETSearchContentView.xib; sourceTree = "<group>"; };
		FE2B8C7422E49B6A001AEDDC /* ETSearchContentView.m */ = {isa = PBXFileReference; fileEncoding = 4; lastKnownFileType = sourcecode.c.objc; path = ETSearchContentView.m; sourceTree = "<group>"; };
		FE2B8C7522E49B6A001AEDDC /* ETSearchContentView.h */ = {isa = PBXFileReference; fileEncoding = 4; lastKnownFileType = sourcecode.c.h; path = ETSearchContentView.h; sourceTree = "<group>"; };
		FE2B8C7A22E4A200001AEDDC /* NSString+JKEncrypt.h */ = {isa = PBXFileReference; fileEncoding = 4; lastKnownFileType = sourcecode.c.h; path = "NSString+JKEncrypt.h"; sourceTree = "<group>"; };
		FE2B8C7B22E4A200001AEDDC /* NSData+JKEncrypt.m */ = {isa = PBXFileReference; fileEncoding = 4; lastKnownFileType = sourcecode.c.objc; path = "NSData+JKEncrypt.m"; sourceTree = "<group>"; };
		FE2B8C7C22E4A200001AEDDC /* NSData+JKBase64.m */ = {isa = PBXFileReference; fileEncoding = 4; lastKnownFileType = sourcecode.c.objc; path = "NSData+JKBase64.m"; sourceTree = "<group>"; };
		FE2B8C7D22E4A200001AEDDC /* NSString+JKBase64.m */ = {isa = PBXFileReference; fileEncoding = 4; lastKnownFileType = sourcecode.c.objc; path = "NSString+JKBase64.m"; sourceTree = "<group>"; };
		FE2B8C7E22E4A200001AEDDC /* NSData+JKEncrypt.h */ = {isa = PBXFileReference; fileEncoding = 4; lastKnownFileType = sourcecode.c.h; path = "NSData+JKEncrypt.h"; sourceTree = "<group>"; };
		FE2B8C7F22E4A200001AEDDC /* NSString+JKEncrypt.m */ = {isa = PBXFileReference; fileEncoding = 4; lastKnownFileType = sourcecode.c.objc; path = "NSString+JKEncrypt.m"; sourceTree = "<group>"; };
		FE2B8C8022E4A200001AEDDC /* NSString+JKBase64.h */ = {isa = PBXFileReference; fileEncoding = 4; lastKnownFileType = sourcecode.c.h; path = "NSString+JKBase64.h"; sourceTree = "<group>"; };
		FE2B8C8122E4A200001AEDDC /* NSData+JKBase64.h */ = {isa = PBXFileReference; fileEncoding = 4; lastKnownFileType = sourcecode.c.h; path = "NSData+JKBase64.h"; sourceTree = "<group>"; };
		FE3552AC22F65DB400972D0E /* UIImage+ResszingImage.h */ = {isa = PBXFileReference; lastKnownFileType = sourcecode.c.h; path = "UIImage+ResszingImage.h"; sourceTree = "<group>"; };
		FE3552AD22F65DB400972D0E /* UIImage+ResszingImage.m */ = {isa = PBXFileReference; lastKnownFileType = sourcecode.c.objc; path = "UIImage+ResszingImage.m"; sourceTree = "<group>"; };
		FE5E611651C4AC6684ED9A39 /* libPods-OCTemplateDemo.a */ = {isa = PBXFileReference; explicitFileType = archive.ar; includeInIndex = 0; path = "libPods-OCTemplateDemo.a"; sourceTree = BUILT_PRODUCTS_DIR; };
		FEA209B122ED79C70084051B /* ETNews.h */ = {isa = PBXFileReference; lastKnownFileType = sourcecode.c.h; path = ETNews.h; sourceTree = "<group>"; };
		FEA209B222ED79C70084051B /* ETNews.m */ = {isa = PBXFileReference; lastKnownFileType = sourcecode.c.objc; path = ETNews.m; sourceTree = "<group>"; };
		FEA209B422ED79DF0084051B /* ETNewsVM.h */ = {isa = PBXFileReference; lastKnownFileType = sourcecode.c.h; path = ETNewsVM.h; sourceTree = "<group>"; };
		FEA209B522ED79DF0084051B /* ETNewsVM.m */ = {isa = PBXFileReference; lastKnownFileType = sourcecode.c.objc; path = ETNewsVM.m; sourceTree = "<group>"; };
		FEA209B722ED7B7D0084051B /* ETNewsViewController.h */ = {isa = PBXFileReference; lastKnownFileType = sourcecode.c.h; path = ETNewsViewController.h; sourceTree = "<group>"; };
		FEA209B822ED7B7D0084051B /* ETNewsViewController.m */ = {isa = PBXFileReference; lastKnownFileType = sourcecode.c.objc; path = ETNewsViewController.m; sourceTree = "<group>"; };
		FEA209B922ED7B7D0084051B /* ETNewsViewController.xib */ = {isa = PBXFileReference; lastKnownFileType = file.xib; path = ETNewsViewController.xib; sourceTree = "<group>"; };
		FECFAA0322DB18E30034ECB9 /* OCTemplateDemo.app */ = {isa = PBXFileReference; explicitFileType = wrapper.application; includeInIndex = 0; path = OCTemplateDemo.app; sourceTree = BUILT_PRODUCTS_DIR; };
		FECFAA0622DB18E30034ECB9 /* AppDelegate.h */ = {isa = PBXFileReference; lastKnownFileType = sourcecode.c.h; path = AppDelegate.h; sourceTree = "<group>"; };
		FECFAA0722DB18E30034ECB9 /* AppDelegate.m */ = {isa = PBXFileReference; lastKnownFileType = sourcecode.c.objc; path = AppDelegate.m; sourceTree = "<group>"; };
		FECFAA0F22DB18E40034ECB9 /* Assets.xcassets */ = {isa = PBXFileReference; lastKnownFileType = folder.assetcatalog; path = Assets.xcassets; sourceTree = "<group>"; };
		FECFAA1222DB18E40034ECB9 /* Base */ = {isa = PBXFileReference; lastKnownFileType = file.storyboard; name = Base; path = Base.lproj/LaunchScreen.storyboard; sourceTree = "<group>"; };
		FECFAA1422DB18E40034ECB9 /* Info.plist */ = {isa = PBXFileReference; lastKnownFileType = text.plist.xml; path = Info.plist; sourceTree = "<group>"; };
		FECFAA1522DB18E40034ECB9 /* main.m */ = {isa = PBXFileReference; lastKnownFileType = sourcecode.c.objc; path = main.m; sourceTree = "<group>"; };
		FECFAA2122DB21640034ECB9 /* ETBaseViewController.h */ = {isa = PBXFileReference; lastKnownFileType = sourcecode.c.h; path = ETBaseViewController.h; sourceTree = "<group>"; };
		FECFAA2222DB21640034ECB9 /* ETBaseViewController.m */ = {isa = PBXFileReference; lastKnownFileType = sourcecode.c.objc; path = ETBaseViewController.m; sourceTree = "<group>"; };
		FECFAA2422DB21AF0034ECB9 /* ETMainNavigationController.h */ = {isa = PBXFileReference; lastKnownFileType = sourcecode.c.h; path = ETMainNavigationController.h; sourceTree = "<group>"; };
		FECFAA2522DB21AF0034ECB9 /* ETMainNavigationController.m */ = {isa = PBXFileReference; lastKnownFileType = sourcecode.c.objc; path = ETMainNavigationController.m; sourceTree = "<group>"; };
		FECFAA2722DB221C0034ECB9 /* ETTabbarViewController.h */ = {isa = PBXFileReference; lastKnownFileType = sourcecode.c.h; path = ETTabbarViewController.h; sourceTree = "<group>"; };
		FECFAA2822DB221C0034ECB9 /* ETTabbarViewController.m */ = {isa = PBXFileReference; lastKnownFileType = sourcecode.c.objc; path = ETTabbarViewController.m; sourceTree = "<group>"; };
		FECFAA3A22DB258C0034ECB9 /* LockViewController.h */ = {isa = PBXFileReference; lastKnownFileType = sourcecode.c.h; path = LockViewController.h; sourceTree = "<group>"; };
		FECFAA3B22DB258C0034ECB9 /* LockViewController.m */ = {isa = PBXFileReference; lastKnownFileType = sourcecode.c.objc; path = LockViewController.m; sourceTree = "<group>"; };
		FECFAA3C22DB258C0034ECB9 /* LockViewController.xib */ = {isa = PBXFileReference; lastKnownFileType = file.xib; path = LockViewController.xib; sourceTree = "<group>"; };
		FECFAA3F22DB25AA0034ECB9 /* MyCatEyeViewController.h */ = {isa = PBXFileReference; lastKnownFileType = sourcecode.c.h; path = MyCatEyeViewController.h; sourceTree = "<group>"; };
		FECFAA4022DB25AA0034ECB9 /* MyCatEyeViewController.m */ = {isa = PBXFileReference; lastKnownFileType = sourcecode.c.objc; path = MyCatEyeViewController.m; sourceTree = "<group>"; };
		FECFAA4122DB25AA0034ECB9 /* MyCatEyeViewController.xib */ = {isa = PBXFileReference; lastKnownFileType = file.xib; path = MyCatEyeViewController.xib; sourceTree = "<group>"; };
		FECFAA4422DB25BD0034ECB9 /* GatewayViewController.h */ = {isa = PBXFileReference; lastKnownFileType = sourcecode.c.h; path = GatewayViewController.h; sourceTree = "<group>"; };
		FECFAA4522DB25BD0034ECB9 /* GatewayViewController.m */ = {isa = PBXFileReference; lastKnownFileType = sourcecode.c.objc; path = GatewayViewController.m; sourceTree = "<group>"; };
		FECFAA4622DB25BD0034ECB9 /* GatewayViewController.xib */ = {isa = PBXFileReference; lastKnownFileType = file.xib; path = GatewayViewController.xib; sourceTree = "<group>"; };
		FECFAA4922DB25D40034ECB9 /* MineViewController.h */ = {isa = PBXFileReference; lastKnownFileType = sourcecode.c.h; path = MineViewController.h; sourceTree = "<group>"; };
		FECFAA4A22DB25D40034ECB9 /* MineViewController.m */ = {isa = PBXFileReference; lastKnownFileType = sourcecode.c.objc; path = MineViewController.m; sourceTree = "<group>"; };
		FECFAA4B22DB25D40034ECB9 /* MineViewController.xib */ = {isa = PBXFileReference; lastKnownFileType = file.xib; path = MineViewController.xib; sourceTree = "<group>"; };
		FECFAA4F22DB2DA90034ECB9 /* PrefixHeader.pch */ = {isa = PBXFileReference; lastKnownFileType = sourcecode.c.h; path = PrefixHeader.pch; sourceTree = "<group>"; };
		FECFAA5122DB302D0034ECB9 /* CommonDefine.h */ = {isa = PBXFileReference; lastKnownFileType = sourcecode.c.h; path = CommonDefine.h; sourceTree = "<group>"; };
		FECFAA5222DB317A0034ECB9 /* Foundation+Log.m */ = {isa = PBXFileReference; fileEncoding = 4; lastKnownFileType = sourcecode.c.objc; path = "Foundation+Log.m"; sourceTree = "<group>"; };
		FECFAA5422DB31880034ECB9 /* UIView+Extension.h */ = {isa = PBXFileReference; fileEncoding = 4; lastKnownFileType = sourcecode.c.h; path = "UIView+Extension.h"; sourceTree = "<group>"; };
		FECFAA5522DB31890034ECB9 /* UIView+Extension.m */ = {isa = PBXFileReference; fileEncoding = 4; lastKnownFileType = sourcecode.c.objc; path = "UIView+Extension.m"; sourceTree = "<group>"; };
		FECFAA5922DB344D0034ECB9 /* Main.storyboard */ = {isa = PBXFileReference; fileEncoding = 4; lastKnownFileType = file.storyboard; path = Main.storyboard; sourceTree = "<group>"; };
		FECFAA5B22DB375E0034ECB9 /* PASingleton.h */ = {isa = PBXFileReference; lastKnownFileType = sourcecode.c.h; path = PASingleton.h; sourceTree = "<group>"; };
		FECFAA5E22DB39990034ECB9 /* XMGInfiniteScrollView.h */ = {isa = PBXFileReference; fileEncoding = 4; lastKnownFileType = sourcecode.c.h; path = XMGInfiniteScrollView.h; sourceTree = "<group>"; };
		FECFAA5F22DB39990034ECB9 /* XMGInfiniteScrollView.m */ = {isa = PBXFileReference; fileEncoding = 4; lastKnownFileType = sourcecode.c.objc; path = XMGInfiniteScrollView.m; sourceTree = "<group>"; };
		FECFAA6222DB39BE0034ECB9 /* XMGLabel.h */ = {isa = PBXFileReference; fileEncoding = 4; lastKnownFileType = sourcecode.c.h; path = XMGLabel.h; sourceTree = "<group>"; };
		FECFAA6322DB39BE0034ECB9 /* XMGLabel.m */ = {isa = PBXFileReference; fileEncoding = 4; lastKnownFileType = sourcecode.c.objc; path = XMGLabel.m; sourceTree = "<group>"; };
		FECFAA6622DB39CB0034ECB9 /* SGQRCodeTool.m */ = {isa = PBXFileReference; fileEncoding = 4; lastKnownFileType = sourcecode.c.objc; path = SGQRCodeTool.m; sourceTree = "<group>"; };
		FECFAA6722DB39CB0034ECB9 /* SGQRCodeTool.h */ = {isa = PBXFileReference; fileEncoding = 4; lastKnownFileType = sourcecode.c.h; path = SGQRCodeTool.h; sourceTree = "<group>"; };
		FECFAA6A22DB39E80034ECB9 /* ETWordRollView.h */ = {isa = PBXFileReference; fileEncoding = 4; lastKnownFileType = sourcecode.c.h; path = ETWordRollView.h; sourceTree = "<group>"; };
		FECFAA6B22DB39E80034ECB9 /* ETWordRollView.m */ = {isa = PBXFileReference; fileEncoding = 4; lastKnownFileType = sourcecode.c.objc; path = ETWordRollView.m; sourceTree = "<group>"; };
		FECFAA6E22DB39EF0034ECB9 /* UIButton+Extension.h */ = {isa = PBXFileReference; fileEncoding = 4; lastKnownFileType = sourcecode.c.h; path = "UIButton+Extension.h"; sourceTree = "<group>"; };
		FECFAA6F22DB39EF0034ECB9 /* UIButton+Extension.m */ = {isa = PBXFileReference; fileEncoding = 4; lastKnownFileType = sourcecode.c.objc; path = "UIButton+Extension.m"; sourceTree = "<group>"; };
		FECFAA7222DB39F50034ECB9 /* UITextField+IndexPath.h */ = {isa = PBXFileReference; fileEncoding = 4; lastKnownFileType = sourcecode.c.h; path = "UITextField+IndexPath.h"; sourceTree = "<group>"; };
		FECFAA7322DB39F50034ECB9 /* UITextField+IndexPath.m */ = {isa = PBXFileReference; fileEncoding = 4; lastKnownFileType = sourcecode.c.objc; path = "UITextField+IndexPath.m"; sourceTree = "<group>"; };
		FECFAA7622DB3DFE0034ECB9 /* ETTestBaseViewVC.h */ = {isa = PBXFileReference; lastKnownFileType = sourcecode.c.h; path = ETTestBaseViewVC.h; sourceTree = "<group>"; };
		FECFAA7722DB3DFE0034ECB9 /* ETTestBaseViewVC.m */ = {isa = PBXFileReference; lastKnownFileType = sourcecode.c.objc; path = ETTestBaseViewVC.m; sourceTree = "<group>"; };
		FECFAA7822DB3DFE0034ECB9 /* ETTestBaseViewVC.xib */ = {isa = PBXFileReference; lastKnownFileType = file.xib; path = ETTestBaseViewVC.xib; sourceTree = "<group>"; };
		FED3C4A4231243BF0093531C /* ETDragViewController.h */ = {isa = PBXFileReference; lastKnownFileType = sourcecode.c.h; path = ETDragViewController.h; sourceTree = "<group>"; };
		FED3C4A5231243BF0093531C /* ETDragViewController.m */ = {isa = PBXFileReference; lastKnownFileType = sourcecode.c.objc; path = ETDragViewController.m; sourceTree = "<group>"; };
		FED3C4A6231243BF0093531C /* ETDragViewController.xib */ = {isa = PBXFileReference; lastKnownFileType = file.xib; path = ETDragViewController.xib; sourceTree = "<group>"; };
		FED3C4A92312442E0093531C /* ETDragRedView.h */ = {isa = PBXFileReference; lastKnownFileType = sourcecode.c.h; path = ETDragRedView.h; sourceTree = "<group>"; };
		FED3C4AA2312442E0093531C /* ETDragRedView.m */ = {isa = PBXFileReference; lastKnownFileType = sourcecode.c.objc; path = ETDragRedView.m; sourceTree = "<group>"; };
		FED8A2A122F6EBA5006A4B2D /* ETCornerCell.h */ = {isa = PBXFileReference; lastKnownFileType = sourcecode.c.h; path = ETCornerCell.h; sourceTree = "<group>"; };
		FED8A2A222F6EBA5006A4B2D /* ETCornerCell.m */ = {isa = PBXFileReference; lastKnownFileType = sourcecode.c.objc; path = ETCornerCell.m; sourceTree = "<group>"; };
		FED8A2A622F7161F006A4B2D /* ETCornerCell.xib */ = {isa = PBXFileReference; lastKnownFileType = file.xib; path = ETCornerCell.xib; sourceTree = "<group>"; };
/* End PBXFileReference section */

/* Begin PBXFrameworksBuildPhase section */
		FECFAA0022DB18E30034ECB9 /* Frameworks */ = {
			isa = PBXFrameworksBuildPhase;
			buildActionMask = 2147483647;
			files = (
				746D89AE914EEEF60840DCC9 /* libPods-OCTemplateDemo.a in Frameworks */,
			);
			runOnlyForDeploymentPostprocessing = 0;
		};
/* End PBXFrameworksBuildPhase section */

/* Begin PBXGroup section */
		CB3FFE4817CBCF73822F12F6 /* Pods */ = {
			isa = PBXGroup;
			children = (
				379FF7FE1C13A3EF1348830E /* Pods-OCTemplateDemo.debug.xcconfig */,
				1478A393BE252F039EEFC695 /* Pods-OCTemplateDemo.release.xcconfig */,
			);
			path = Pods;
			sourceTree = "<group>";
		};
		D510507322F4063E00D5EC64 /* Landscape */ = {
			isa = PBXGroup;
			children = (
				D510507422F4066000D5EC64 /* ETLandscapeVC.h */,
				D510507522F4066000D5EC64 /* ETLandscapeVC.m */,
				D510507622F4066000D5EC64 /* ETLandscapeVC.xib */,
			);
			path = Landscape;
			sourceTree = "<group>";
		};
		D538EBA523161B5700A02A77 /* Shaizi */ = {
			isa = PBXGroup;
			children = (
				D538EBC423161C3600A02A77 /* ETManager.h */,
				D538EBC323161C3600A02A77 /* ETManager.m */,
				D538EBC723161C9C00A02A77 /* ETGlobalConstant.h */,
				D538EBC623161C9C00A02A77 /* ETGlobalConstant.m */,
				D538EBA623161B5700A02A77 /* Model */,
				D538EBA923161B5700A02A77 /* View */,
				D538EBB223161B5700A02A77 /* ViewController */,
			);
			path = Shaizi;
			sourceTree = "<group>";
		};
		D538EBA623161B5700A02A77 /* Model */ = {
			isa = PBXGroup;
			children = (
				D538EBA723161B5700A02A77 /* ShaiziModel.m */,
				D538EBA823161B5700A02A77 /* ShaiziModel.h */,
				D538EBCA23161CBE00A02A77 /* ZhuanPanModel.h */,
				D538EBC923161CBE00A02A77 /* ZhuanPanModel.m */,
			);
			path = Model;
			sourceTree = "<group>";
		};
		D538EBA923161B5700A02A77 /* View */ = {
			isa = PBXGroup;
			children = (
				D538EBAA23161B5700A02A77 /* SHaiziBoxView.m */,
				D538EBAB23161B5700A02A77 /* ShaiziSetPopView.m */,
				D538EBAC23161B5700A02A77 /* ShaiziRulesPopView.m */,
				D538EBAD23161B5700A02A77 /* SHaiziBoxView.h */,
				D538EBAE23161B5700A02A77 /* ShaiziSetPopView.h */,
				D538EBAF23161B5700A02A77 /* ShaiziRulesPopView.xib */,
				D538EBB023161B5700A02A77 /* ShaiziSetPopView.xib */,
				D538EBB123161B5700A02A77 /* ShaiziRulesPopView.h */,
			);
			path = View;
			sourceTree = "<group>";
		};
		D538EBB223161B5700A02A77 /* ViewController */ = {
			isa = PBXGroup;
			children = (
				D538EBB823161B5700A02A77 /* ShaiziHomeVC.h */,
				D538EBB623161B5700A02A77 /* ShaiziHomeVC.m */,
				D538EBB523161B5700A02A77 /* ShaiziHomeVC.xib */,
				D538EBB723161B5700A02A77 /* ShaiziGameVC.h */,
				D538EBB423161B5700A02A77 /* ShaiziGameVC.m */,
				D538EBB323161B5700A02A77 /* ShaiziGameVC.xib */,
			);
			path = ViewController;
			sourceTree = "<group>";
		};
		D56399EA22E0678300F836C2 /* Model */ = {
			isa = PBXGroup;
			children = (
				D56399EF22E067BB00F836C2 /* ETBaseModel.h */,
				D56399F022E067BB00F836C2 /* ETBaseModel.m */,
			);
			path = Model;
			sourceTree = "<group>";
		};
		D56399EB22E0678E00F836C2 /* View */ = {
			isa = PBXGroup;
			children = (
				D56399EC22E067AA00F836C2 /* ETBaseView.h */,
				D56399ED22E067AA00F836C2 /* ETBaseView.m */,
				D56399FA22E18B2600F836C2 /* ETBaseTableViewCell.h */,
				D56399FB22E18B2600F836C2 /* ETBaseTableViewCell.m */,
				FED8A2A122F6EBA5006A4B2D /* ETCornerCell.h */,
				FED8A2A222F6EBA5006A4B2D /* ETCornerCell.m */,
				FED8A2A622F7161F006A4B2D /* ETCornerCell.xib */,
				D5AFA78B22F2B58F00E5B91C /* ETCustomTabbar.h */,
				D5AFA78C22F2B58F00E5B91C /* ETCustomTabbar.m */,
			);
			path = View;
			sourceTree = "<group>";
		};
		D5751CB922E551C600AF2BEA /* HTTPManager */ = {
			isa = PBXGroup;
			children = (
				D5751CC122E5601300AF2BEA /* ETHTTPManager.h */,
				D5751CC222E5601300AF2BEA /* ETHTTPManager.m */,
				D5751CBA22E5523100AF2BEA /* ETHTTPBaseManager.h */,
				D5751CBB22E5523100AF2BEA /* ETHTTPBaseManager.m */,
				D5751CBF22E55E3D00AF2BEA /* KYHTTPGlobalManager.h */,
				D5751CBE22E55E3C00AF2BEA /* KYHTTPGlobalManager.m */,
				D5751CC522E5961200AF2BEA /* KYHttpResponseModel.h */,
				D5751CC622E5961200AF2BEA /* KYHttpResponseModel.m */,
				D5751CC822E5986800AF2BEA /* NSString+KYNetworking.h */,
				D5751CC922E5986800AF2BEA /* NSString+KYNetworking.m */,
			);
			path = HTTPManager;
			sourceTree = "<group>";
		};
		D5A29AEF22FA97A7005A3416 /* Run Time */ = {
			isa = PBXGroup;
			children = (
				D5A29AF022FA97D4005A3416 /* ETRunTimeVC.h */,
				D5A29AF122FA97D4005A3416 /* ETRunTimeVC.m */,
				D5A29AF322FA97F1005A3416 /* ETCar.h */,
				D5A29AF422FA97F1005A3416 /* ETCar.m */,
				D5A29AF622FA9817005A3416 /* ETCar+myCar.h */,
				D5A29AF722FA9817005A3416 /* ETCar+myCar.m */,
			);
			path = "Run Time";
			sourceTree = "<group>";
		};
		D5A29AFF22FAA465005A3416 /* TestBaseView */ = {
			isa = PBXGroup;
			children = (
				FECFAA7622DB3DFE0034ECB9 /* ETTestBaseViewVC.h */,
				FECFAA7722DB3DFE0034ECB9 /* ETTestBaseViewVC.m */,
				FECFAA7822DB3DFE0034ECB9 /* ETTestBaseViewVC.xib */,
				D5A29B0122FAACB8005A3416 /* ETTestXibView.h */,
				D5A29B0222FAACB8005A3416 /* ETTestXibView.m */,
				D5A29B0622FAACDA005A3416 /* ETTestXibView.xib */,
				D56399F722E0754700F836C2 /* ETTestCodeView.h */,
				D56399F822E0754700F836C2 /* ETTestCodeView.m */,
				D56399FD22E1912900F836C2 /* ETTestXibCell.h */,
				D56399FE22E1912900F836C2 /* ETTestXibCell.m */,
				D56399FF22E1912900F836C2 /* ETTestXibCell.xib */,
				D5A29AFC22FAA2D4005A3416 /* ETTestCodeCell.h */,
				D5A29AFD22FAA2D4005A3416 /* ETTestCodeCell.m */,
			);
			path = TestBaseView;
			sourceTree = "<group>";
		};
		D5ACD28C230A86F2007C946D /* 新版本引导页 */ = {
			isa = PBXGroup;
			children = (
				D5ACD28D230A8747007C946D /* ETGuidePagesViewController.h */,
				D5ACD28E230A8747007C946D /* ETGuidePagesViewController.m */,
			);
			path = "新版本引导页";
			sourceTree = "<group>";
		};
		D69AE1BCBCD72A95630E5CB6 /* Frameworks */ = {
			isa = PBXGroup;
			children = (
				FE5E611651C4AC6684ED9A39 /* libPods-OCTemplateDemo.a */,
			);
			name = Frameworks;
			sourceTree = "<group>";
		};
		FE2B8C7022E49B60001AEDDC /* View */ = {
			isa = PBXGroup;
			children = (
				FE2B8C7522E49B6A001AEDDC /* ETSearchContentView.h */,
				FE2B8C7422E49B6A001AEDDC /* ETSearchContentView.m */,
				FE2B8C7322E49B6A001AEDDC /* ETSearchContentView.xib */,
				FE2B8C7222E49B6A001AEDDC /* ETSearchTitleView.h */,
				FE2B8C7122E49B6A001AEDDC /* ETSearchTitleView.m */,
			);
			path = View;
			sourceTree = "<group>";
		};
		FE2B8C7922E4A200001AEDDC /* AES */ = {
			isa = PBXGroup;
			children = (
				FE2B8C7A22E4A200001AEDDC /* NSString+JKEncrypt.h */,
				FE2B8C7B22E4A200001AEDDC /* NSData+JKEncrypt.m */,
				FE2B8C7C22E4A200001AEDDC /* NSData+JKBase64.m */,
				FE2B8C7D22E4A200001AEDDC /* NSString+JKBase64.m */,
				FE2B8C7E22E4A200001AEDDC /* NSData+JKEncrypt.h */,
				FE2B8C7F22E4A200001AEDDC /* NSString+JKEncrypt.m */,
				FE2B8C8022E4A200001AEDDC /* NSString+JKBase64.h */,
				FE2B8C8122E4A200001AEDDC /* NSData+JKBase64.h */,
			);
			path = AES;
			sourceTree = "<group>";
		};
		FEA209B022ED79AC0084051B /* MVVM */ = {
			isa = PBXGroup;
			children = (
				FEA209B122ED79C70084051B /* ETNews.h */,
				FEA209B222ED79C70084051B /* ETNews.m */,
				FEA209B422ED79DF0084051B /* ETNewsVM.h */,
				FEA209B522ED79DF0084051B /* ETNewsVM.m */,
				FEA209B722ED7B7D0084051B /* ETNewsViewController.h */,
				FEA209B822ED7B7D0084051B /* ETNewsViewController.m */,
				FEA209B922ED7B7D0084051B /* ETNewsViewController.xib */,
			);
			path = MVVM;
			sourceTree = "<group>";
		};
		FECFA9FA22DB18E30034ECB9 = {
			isa = PBXGroup;
			children = (
				FECFAA0522DB18E30034ECB9 /* OCTemplateDemo */,
				FECFAA0422DB18E30034ECB9 /* Products */,
				CB3FFE4817CBCF73822F12F6 /* Pods */,
				D69AE1BCBCD72A95630E5CB6 /* Frameworks */,
			);
			sourceTree = "<group>";
		};
		FECFAA0422DB18E30034ECB9 /* Products */ = {
			isa = PBXGroup;
			children = (
				FECFAA0322DB18E30034ECB9 /* OCTemplateDemo.app */,
			);
			name = Products;
			sourceTree = "<group>";
		};
		FECFAA0522DB18E30034ECB9 /* OCTemplateDemo */ = {
			isa = PBXGroup;
			children = (
				FECFAA1C22DB20DD0034ECB9 /* Class */,
				FECFAA0622DB18E30034ECB9 /* AppDelegate.h */,
				FECFAA0722DB18E30034ECB9 /* AppDelegate.m */,
				FECFAA5922DB344D0034ECB9 /* Main.storyboard */,
				FECFAA0F22DB18E40034ECB9 /* Assets.xcassets */,
				FECFAA1122DB18E40034ECB9 /* LaunchScreen.storyboard */,
				FECFAA1422DB18E40034ECB9 /* Info.plist */,
				FECFAA1522DB18E40034ECB9 /* main.m */,
				D5FAB0B222FA6C6600ECD443 /* IDETemplateMacros.plist */,
			);
			path = OCTemplateDemo;
			sourceTree = "<group>";
		};
		FECFAA1C22DB20DD0034ECB9 /* Class */ = {
			isa = PBXGroup;
			children = (
				FE2B8C7922E4A200001AEDDC /* AES */,
				FECFAA5C22DB39720034ECB9 /* 控件封装 */,
				FECFAA7522DB3DE70034ECB9 /* Test */,
				FECFAA3622DB24AF0034ECB9 /* MyGateway */,
				FECFAA2A22DB24AF0034ECB9 /* Mine */,
				FECFAA3222DB24AF0034ECB9 /* MyCatEye */,
				FECFAA2E22DB24AF0034ECB9 /* MyLock */,
				FECFAA1D22DB20DD0034ECB9 /* MainBase */,
			);
			path = Class;
			sourceTree = "<group>";
		};
		FECFAA1D22DB20DD0034ECB9 /* MainBase */ = {
			isa = PBXGroup;
			children = (
				D5751CB922E551C600AF2BEA /* HTTPManager */,
				FECFAA5022DB2FF30034ECB9 /* Category */,
				FECFAA1E22DB20DD0034ECB9 /* Controlller */,
				D56399EA22E0678300F836C2 /* Model */,
				FECFAA4E22DB2D920034ECB9 /* Other */,
				D56399EB22E0678E00F836C2 /* View */,
			);
			path = MainBase;
			sourceTree = "<group>";
		};
		FECFAA1E22DB20DD0034ECB9 /* Controlller */ = {
			isa = PBXGroup;
			children = (
				FECFAA2122DB21640034ECB9 /* ETBaseViewController.h */,
				FECFAA2222DB21640034ECB9 /* ETBaseViewController.m */,
				FECFAA2422DB21AF0034ECB9 /* ETMainNavigationController.h */,
				FECFAA2522DB21AF0034ECB9 /* ETMainNavigationController.m */,
				FECFAA2722DB221C0034ECB9 /* ETTabbarViewController.h */,
				FECFAA2822DB221C0034ECB9 /* ETTabbarViewController.m */,
				D5A29B3922FBF2DC005A3416 /* ETLeftMenuViewController.h */,
				D5A29B3A22FBF2DC005A3416 /* ETLeftMenuViewController.m */,
				D5A29B3B22FBF2DC005A3416 /* ETLeftMenuViewController.xib */,
			);
			path = Controlller;
			sourceTree = "<group>";
		};
		FECFAA2A22DB24AF0034ECB9 /* Mine */ = {
			isa = PBXGroup;
			children = (
				FECFAA2B22DB24AF0034ECB9 /* Controller */,
				FECFAA2C22DB24AF0034ECB9 /* Model */,
				FECFAA2D22DB24AF0034ECB9 /* View */,
			);
			path = Mine;
			sourceTree = "<group>";
		};
		FECFAA2B22DB24AF0034ECB9 /* Controller */ = {
			isa = PBXGroup;
			children = (
				FECFAA4922DB25D40034ECB9 /* MineViewController.h */,
				FECFAA4A22DB25D40034ECB9 /* MineViewController.m */,
				FECFAA4B22DB25D40034ECB9 /* MineViewController.xib */,
			);
			path = Controller;
			sourceTree = "<group>";
		};
		FECFAA2C22DB24AF0034ECB9 /* Model */ = {
			isa = PBXGroup;
			children = (
			);
			path = Model;
			sourceTree = "<group>";
		};
		FECFAA2D22DB24AF0034ECB9 /* View */ = {
			isa = PBXGroup;
			children = (
			);
			path = View;
			sourceTree = "<group>";
		};
		FECFAA2E22DB24AF0034ECB9 /* MyLock */ = {
			isa = PBXGroup;
			children = (
				FECFAA2F22DB24AF0034ECB9 /* Controller */,
				FECFAA3022DB24AF0034ECB9 /* Model */,
				FECFAA3122DB24AF0034ECB9 /* View */,
			);
			path = MyLock;
			sourceTree = "<group>";
		};
		FECFAA2F22DB24AF0034ECB9 /* Controller */ = {
			isa = PBXGroup;
			children = (
				FECFAA3A22DB258C0034ECB9 /* LockViewController.h */,
				FECFAA3B22DB258C0034ECB9 /* LockViewController.m */,
				FECFAA3C22DB258C0034ECB9 /* LockViewController.xib */,
			);
			path = Controller;
			sourceTree = "<group>";
		};
		FECFAA3022DB24AF0034ECB9 /* Model */ = {
			isa = PBXGroup;
			children = (
			);
			path = Model;
			sourceTree = "<group>";
		};
		FECFAA3122DB24AF0034ECB9 /* View */ = {
			isa = PBXGroup;
			children = (
			);
			path = View;
			sourceTree = "<group>";
		};
		FECFAA3222DB24AF0034ECB9 /* MyCatEye */ = {
			isa = PBXGroup;
			children = (
				FECFAA3322DB24AF0034ECB9 /* Controller */,
				FECFAA3422DB24AF0034ECB9 /* Model */,
				FECFAA3522DB24AF0034ECB9 /* View */,
			);
			path = MyCatEye;
			sourceTree = "<group>";
		};
		FECFAA3322DB24AF0034ECB9 /* Controller */ = {
			isa = PBXGroup;
			children = (
				FECFAA3F22DB25AA0034ECB9 /* MyCatEyeViewController.h */,
				FECFAA4022DB25AA0034ECB9 /* MyCatEyeViewController.m */,
				FECFAA4122DB25AA0034ECB9 /* MyCatEyeViewController.xib */,
			);
			path = Controller;
			sourceTree = "<group>";
		};
		FECFAA3422DB24AF0034ECB9 /* Model */ = {
			isa = PBXGroup;
			children = (
			);
			path = Model;
			sourceTree = "<group>";
		};
		FECFAA3522DB24AF0034ECB9 /* View */ = {
			isa = PBXGroup;
			children = (
			);
			path = View;
			sourceTree = "<group>";
		};
		FECFAA3622DB24AF0034ECB9 /* MyGateway */ = {
			isa = PBXGroup;
			children = (
				FE2B8C7022E49B60001AEDDC /* View */,
				FECFAA3722DB24AF0034ECB9 /* Controller */,
			);
			path = MyGateway;
			sourceTree = "<group>";
		};
		FECFAA3722DB24AF0034ECB9 /* Controller */ = {
			isa = PBXGroup;
			children = (
				FECFAA4422DB25BD0034ECB9 /* GatewayViewController.h */,
				FECFAA4522DB25BD0034ECB9 /* GatewayViewController.m */,
				FECFAA4622DB25BD0034ECB9 /* GatewayViewController.xib */,
				FE2B8C6B22E46CE2001AEDDC /* ETSearchViewController.h */,
				FE2B8C6C22E46CE2001AEDDC /* ETSearchViewController.m */,
				FE2B8C6D22E46CE2001AEDDC /* ETSearchViewController.xib */,
			);
			path = Controller;
			sourceTree = "<group>";
		};
		FECFAA4E22DB2D920034ECB9 /* Other */ = {
			isa = PBXGroup;
			children = (
				FECFAA5B22DB375E0034ECB9 /* PASingleton.h */,
				FECFAA4F22DB2DA90034ECB9 /* PrefixHeader.pch */,
				FECFAA5122DB302D0034ECB9 /* CommonDefine.h */,
			);
			path = Other;
			sourceTree = "<group>";
		};
		FECFAA5022DB2FF30034ECB9 /* Category */ = {
			isa = PBXGroup;
			children = (
				FECFAA5222DB317A0034ECB9 /* Foundation+Log.m */,
				FECFAA5422DB31880034ECB9 /* UIView+Extension.h */,
				FECFAA5522DB31890034ECB9 /* UIView+Extension.m */,
				FE3552AC22F65DB400972D0E /* UIImage+ResszingImage.h */,
				FE3552AD22F65DB400972D0E /* UIImage+ResszingImage.m */,
				D5FAB0A922F8261000ECD443 /* UIButton+ETRecurClick.h */,
				D5FAB0AA22F8261000ECD443 /* UIButton+ETRecurClick.m */,
			);
			path = Category;
			sourceTree = "<group>";
		};
		FECFAA5C22DB39720034ECB9 /* 控件封装 */ = {
			isa = PBXGroup;
			children = (
				D5ACD28C230A86F2007C946D /* 新版本引导页 */,
				FECFAA7122DB39F50034ECB9 /* TextField增加indexPath属性 */,
				FECFAA6D22DB39EF0034ECB9 /* 增加按钮的点击区域 */,
				FECFAA6922DB39E80034ECB9 /* 滚动显示Label文字 */,
				FECFAA6522DB39CB0034ECB9 /* 生成二维码 */,
				FECFAA6122DB39BE0034ECB9 /* 带红色中划线的label */,
				FECFAA5D22DB39990034ECB9 /* 图片轮播 */,
			);
			path = "控件封装";
			sourceTree = "<group>";
		};
		FECFAA5D22DB39990034ECB9 /* 图片轮播 */ = {
			isa = PBXGroup;
			children = (
				FECFAA5E22DB39990034ECB9 /* XMGInfiniteScrollView.h */,
				FECFAA5F22DB39990034ECB9 /* XMGInfiniteScrollView.m */,
			);
			path = "图片轮播";
			sourceTree = "<group>";
		};
		FECFAA6122DB39BE0034ECB9 /* 带红色中划线的label */ = {
			isa = PBXGroup;
			children = (
				FECFAA6222DB39BE0034ECB9 /* XMGLabel.h */,
				FECFAA6322DB39BE0034ECB9 /* XMGLabel.m */,
			);
			path = "带红色中划线的label";
			sourceTree = "<group>";
		};
		FECFAA6522DB39CB0034ECB9 /* 生成二维码 */ = {
			isa = PBXGroup;
			children = (
				FECFAA6622DB39CB0034ECB9 /* SGQRCodeTool.m */,
				FECFAA6722DB39CB0034ECB9 /* SGQRCodeTool.h */,
			);
			path = "生成二维码";
			sourceTree = "<group>";
		};
		FECFAA6922DB39E80034ECB9 /* 滚动显示Label文字 */ = {
			isa = PBXGroup;
			children = (
				FECFAA6A22DB39E80034ECB9 /* ETWordRollView.h */,
				FECFAA6B22DB39E80034ECB9 /* ETWordRollView.m */,
			);
			path = "滚动显示Label文字";
			sourceTree = "<group>";
		};
		FECFAA6D22DB39EF0034ECB9 /* 增加按钮的点击区域 */ = {
			isa = PBXGroup;
			children = (
				FECFAA6E22DB39EF0034ECB9 /* UIButton+Extension.h */,
				FECFAA6F22DB39EF0034ECB9 /* UIButton+Extension.m */,
			);
			path = "增加按钮的点击区域";
			sourceTree = "<group>";
		};
		FECFAA7122DB39F50034ECB9 /* TextField增加indexPath属性 */ = {
			isa = PBXGroup;
			children = (
				FECFAA7222DB39F50034ECB9 /* UITextField+IndexPath.h */,
				FECFAA7322DB39F50034ECB9 /* UITextField+IndexPath.m */,
			);
			path = "TextField增加indexPath属性";
			sourceTree = "<group>";
		};
		FECFAA7522DB3DE70034ECB9 /* Test */ = {
			isa = PBXGroup;
			children = (
				D538EBA523161B5700A02A77 /* Shaizi */,
				FED3C4A32312435A0093531C /* View拖拽 */,
				FED3C4A223102FBD0093531C /* 单例的创建销毁 */,
				D5A29AFF22FAA465005A3416 /* TestBaseView */,
				D5A29AEF22FA97A7005A3416 /* Run Time */,
				D510507322F4063E00D5EC64 /* Landscape */,
				FEA209B022ED79AC0084051B /* MVVM */,
			);
			path = Test;
			sourceTree = "<group>";
		};
		FED3C4A223102FBD0093531C /* 单例的创建销毁 */ = {
			isa = PBXGroup;
			children = (
				FE21899B2310290000CD11C3 /* ETTestManager.h */,
				FE21899C2310290000CD11C3 /* ETTestManager.m */,
			);
			path = "单例的创建销毁";
			sourceTree = "<group>";
		};
		FED3C4A32312435A0093531C /* View拖拽 */ = {
			isa = PBXGroup;
			children = (
				FED3C4A4231243BF0093531C /* ETDragViewController.h */,
				FED3C4A5231243BF0093531C /* ETDragViewController.m */,
				FED3C4A6231243BF0093531C /* ETDragViewController.xib */,
				FED3C4A92312442E0093531C /* ETDragRedView.h */,
				FED3C4AA2312442E0093531C /* ETDragRedView.m */,
			);
			path = "View拖拽";
			sourceTree = "<group>";
		};
/* End PBXGroup section */

/* Begin PBXNativeTarget section */
		FECFAA0222DB18E30034ECB9 /* OCTemplateDemo */ = {
			isa = PBXNativeTarget;
			buildConfigurationList = FECFAA1922DB18E40034ECB9 /* Build configuration list for PBXNativeTarget "OCTemplateDemo" */;
			buildPhases = (
				5AAE3979E2844DA451BD86BF /* [CP] Check Pods Manifest.lock */,
				FECFA9FF22DB18E30034ECB9 /* Sources */,
				FECFAA0022DB18E30034ECB9 /* Frameworks */,
				FECFAA0122DB18E30034ECB9 /* Resources */,
			);
			buildRules = (
			);
			dependencies = (
			);
			name = OCTemplateDemo;
			productName = OCTemplateDemo;
			productReference = FECFAA0322DB18E30034ECB9 /* OCTemplateDemo.app */;
			productType = "com.apple.product-type.application";
		};
/* End PBXNativeTarget section */

/* Begin PBXProject section */
		FECFA9FB22DB18E30034ECB9 /* Project object */ = {
			isa = PBXProject;
			attributes = {
				CLASSPREFIX = ET;
				LastUpgradeCheck = 1020;
				ORGANIZATIONNAME = zhao;
				TargetAttributes = {
					FECFAA0222DB18E30034ECB9 = {
						CreatedOnToolsVersion = 10.2.1;
					};
				};
			};
			buildConfigurationList = FECFA9FE22DB18E30034ECB9 /* Build configuration list for PBXProject "OCTemplateDemo" */;
			compatibilityVersion = "Xcode 9.3";
			developmentRegion = en;
			hasScannedForEncodings = 0;
			knownRegions = (
				en,
				Base,
			);
			mainGroup = FECFA9FA22DB18E30034ECB9;
			productRefGroup = FECFAA0422DB18E30034ECB9 /* Products */;
			projectDirPath = "";
			projectRoot = "";
			targets = (
				FECFAA0222DB18E30034ECB9 /* OCTemplateDemo */,
			);
		};
/* End PBXProject section */

/* Begin PBXResourcesBuildPhase section */
		FECFAA0122DB18E30034ECB9 /* Resources */ = {
			isa = PBXResourcesBuildPhase;
			buildActionMask = 2147483647;
			files = (
				D5639A0122E1912900F836C2 /* ETTestXibCell.xib in Resources */,
				FECFAA5A22DB344D0034ECB9 /* Main.storyboard in Resources */,
				FECFAA7A22DB3DFE0034ECB9 /* ETTestBaseViewVC.xib in Resources */,
				D538EBC123161B5700A02A77 /* ShaiziHomeVC.xib in Resources */,
				D5A29B0722FAACDA005A3416 /* ETTestXibView.xib in Resources */,
				D5A29B3D22FBF2DC005A3416 /* ETLeftMenuViewController.xib in Resources */,
				FEA209BB22ED7B7D0084051B /* ETNewsViewController.xib in Resources */,
				D5FAB0B322FA6C6600ECD443 /* IDETemplateMacros.plist in Resources */,
				FE2B8C6F22E46CE2001AEDDC /* ETSearchViewController.xib in Resources */,
				D538EBBF23161B5700A02A77 /* ShaiziGameVC.xib in Resources */,
				FE2B8C7722E49B6A001AEDDC /* ETSearchContentView.xib in Resources */,
				FECFAA1322DB18E40034ECB9 /* LaunchScreen.storyboard in Resources */,
				FECFAA4D22DB25D40034ECB9 /* MineViewController.xib in Resources */,
				FECFAA4822DB25BD0034ECB9 /* GatewayViewController.xib in Resources */,
				FECFAA1022DB18E40034ECB9 /* Assets.xcassets in Resources */,
				FED3C4A8231243BF0093531C /* ETDragViewController.xib in Resources */,
				FECFAA3E22DB258C0034ECB9 /* LockViewController.xib in Resources */,
				D538EBBE23161B5700A02A77 /* ShaiziSetPopView.xib in Resources */,
				D538EBBD23161B5700A02A77 /* ShaiziRulesPopView.xib in Resources */,
				D510507822F4066000D5EC64 /* ETLandscapeVC.xib in Resources */,
				FED8A2A722F7161F006A4B2D /* ETCornerCell.xib in Resources */,
				FECFAA4322DB25AA0034ECB9 /* MyCatEyeViewController.xib in Resources */,
			);
			runOnlyForDeploymentPostprocessing = 0;
		};
/* End PBXResourcesBuildPhase section */

/* Begin PBXShellScriptBuildPhase section */
		5AAE3979E2844DA451BD86BF /* [CP] Check Pods Manifest.lock */ = {
			isa = PBXShellScriptBuildPhase;
			buildActionMask = 2147483647;
			files = (
			);
			inputFileListPaths = (
			);
			inputPaths = (
				"${PODS_PODFILE_DIR_PATH}/Podfile.lock",
				"${PODS_ROOT}/Manifest.lock",
			);
			name = "[CP] Check Pods Manifest.lock";
			outputFileListPaths = (
			);
			outputPaths = (
				"$(DERIVED_FILE_DIR)/Pods-OCTemplateDemo-checkManifestLockResult.txt",
			);
			runOnlyForDeploymentPostprocessing = 0;
			shellPath = /bin/sh;
			shellScript = "diff \"${PODS_PODFILE_DIR_PATH}/Podfile.lock\" \"${PODS_ROOT}/Manifest.lock\" > /dev/null\nif [ $? != 0 ] ; then\n    # print error to STDERR\n    echo \"error: The sandbox is not in sync with the Podfile.lock. Run 'pod install' or update your CocoaPods installation.\" >&2\n    exit 1\nfi\n# This output is used by Xcode 'outputs' to avoid re-running this script phase.\necho \"SUCCESS\" > \"${SCRIPT_OUTPUT_FILE_0}\"\n";
			showEnvVarsInLog = 0;
		};
/* End PBXShellScriptBuildPhase section */

/* Begin PBXSourcesBuildPhase section */
		FECFA9FF22DB18E30034ECB9 /* Sources */ = {
			isa = PBXSourcesBuildPhase;
			buildActionMask = 2147483647;
			files = (
				FE2B8C8522E4A200001AEDDC /* NSString+JKEncrypt.m in Sources */,
				D5A29AF522FA97F1005A3416 /* ETCar.m in Sources */,
				D5639A0022E1912900F836C2 /* ETTestXibCell.m in Sources */,
				D5ACD28F230A8747007C946D /* ETGuidePagesViewController.m in Sources */,
				FECFAA2322DB21650034ECB9 /* ETBaseViewController.m in Sources */,
				FECFAA7022DB39EF0034ECB9 /* UIButton+Extension.m in Sources */,
				D538EBCB23161CBE00A02A77 /* ZhuanPanModel.m in Sources */,
				FECFAA2922DB221C0034ECB9 /* ETTabbarViewController.m in Sources */,
				FEA209B322ED79C70084051B /* ETNews.m in Sources */,
				D538EBBC23161B5700A02A77 /* ShaiziRulesPopView.m in Sources */,
				D5751CC022E55E3D00AF2BEA /* KYHTTPGlobalManager.m in Sources */,
				FECFAA7422DB39F50034ECB9 /* UITextField+IndexPath.m in Sources */,
				FECFAA4222DB25AA0034ECB9 /* MyCatEyeViewController.m in Sources */,
				FED3C4A7231243BF0093531C /* ETDragViewController.m in Sources */,
				FE2B8C8322E4A200001AEDDC /* NSData+JKBase64.m in Sources */,
				D538EBB923161B5700A02A77 /* ShaiziModel.m in Sources */,
				D56399F922E0754700F836C2 /* ETTestCodeView.m in Sources */,
				FECFAA6422DB39BE0034ECB9 /* XMGLabel.m in Sources */,
				D56399EE22E067AA00F836C2 /* ETBaseView.m in Sources */,
				D5751CC722E5961200AF2BEA /* KYHttpResponseModel.m in Sources */,
				FECFAA1622DB18E40034ECB9 /* main.m in Sources */,
				FECFAA5322DB317A0034ECB9 /* Foundation+Log.m in Sources */,
				FECFAA6C22DB39E80034ECB9 /* ETWordRollView.m in Sources */,
				FE2B8C8222E4A200001AEDDC /* NSData+JKEncrypt.m in Sources */,
				D5A29AF222FA97D4005A3416 /* ETRunTimeVC.m in Sources */,
				FE2B8C7822E49B6A001AEDDC /* ETSearchContentView.m in Sources */,
				FECFAA5622DB31890034ECB9 /* UIView+Extension.m in Sources */,
				D538EBC523161C3600A02A77 /* ETManager.m in Sources */,
				FE2B8C7622E49B6A001AEDDC /* ETSearchTitleView.m in Sources */,
				D5751CC322E5601300AF2BEA /* ETHTTPManager.m in Sources */,
				D5FAB0AB22F8261000ECD443 /* UIButton+ETRecurClick.m in Sources */,
				FECFAA0822DB18E30034ECB9 /* AppDelegate.m in Sources */,
				FE2B8C8422E4A200001AEDDC /* NSString+JKBase64.m in Sources */,
				D5A29B0322FAACB8005A3416 /* ETTestXibView.m in Sources */,
				D5AFA78D22F2B58F00E5B91C /* ETCustomTabbar.m in Sources */,
				FECFAA3D22DB258C0034ECB9 /* LockViewController.m in Sources */,
				D510507722F4066000D5EC64 /* ETLandscapeVC.m in Sources */,
				FE3552AE22F65DB400972D0E /* UIImage+ResszingImage.m in Sources */,
				D538EBBB23161B5700A02A77 /* ShaiziSetPopView.m in Sources */,
				FEA209B622ED79DF0084051B /* ETNewsVM.m in Sources */,
				D5751CCA22E5986800AF2BEA /* NSString+KYNetworking.m in Sources */,
				D56399F122E067BB00F836C2 /* ETBaseModel.m in Sources */,
				FECFAA4C22DB25D40034ECB9 /* MineViewController.m in Sources */,
				FECFAA2622DB21AF0034ECB9 /* ETMainNavigationController.m in Sources */,
				FE21899D2310290000CD11C3 /* ETTestManager.m in Sources */,
				D538EBC223161B5700A02A77 /* ShaiziHomeVC.m in Sources */,
				FED8A2A322F6EBA5006A4B2D /* ETCornerCell.m in Sources */,
				FE2B8C6E22E46CE2001AEDDC /* ETSearchViewController.m in Sources */,
				FECFAA6022DB39990034ECB9 /* XMGInfiniteScrollView.m in Sources */,
				FECFAA7922DB3DFE0034ECB9 /* ETTestBaseViewVC.m in Sources */,
				D538EBC823161C9D00A02A77 /* ETGlobalConstant.m in Sources */,
				D56399FC22E18B2600F836C2 /* ETBaseTableViewCell.m in Sources */,
				D538EBC023161B5700A02A77 /* ShaiziGameVC.m in Sources */,
				FED3C4AB2312442E0093531C /* ETDragRedView.m in Sources */,
				D5751CBC22E5523100AF2BEA /* ETHTTPBaseManager.m in Sources */,
				D5A29B3C22FBF2DC005A3416 /* ETLeftMenuViewController.m in Sources */,
				FEA209BA22ED7B7D0084051B /* ETNewsViewController.m in Sources */,
				D538EBBA23161B5700A02A77 /* SHaiziBoxView.m in Sources */,
				D5A29AF822FA9817005A3416 /* ETCar+myCar.m in Sources */,
				FECFAA4722DB25BD0034ECB9 /* GatewayViewController.m in Sources */,
				FECFAA6822DB39CB0034ECB9 /* SGQRCodeTool.m in Sources */,
				D5A29AFE22FAA2D4005A3416 /* ETTestCodeCell.m in Sources */,
			);
			runOnlyForDeploymentPostprocessing = 0;
		};
/* End PBXSourcesBuildPhase section */

/* Begin PBXVariantGroup section */
		FECFAA1122DB18E40034ECB9 /* LaunchScreen.storyboard */ = {
			isa = PBXVariantGroup;
			children = (
				FECFAA1222DB18E40034ECB9 /* Base */,
			);
			name = LaunchScreen.storyboard;
			sourceTree = "<group>";
		};
/* End PBXVariantGroup section */

/* Begin XCBuildConfiguration section */
		FECFAA1722DB18E40034ECB9 /* Debug */ = {
			isa = XCBuildConfiguration;
			buildSettings = {
				ALWAYS_SEARCH_USER_PATHS = NO;
				CLANG_ANALYZER_NONNULL = YES;
				CLANG_ANALYZER_NUMBER_OBJECT_CONVERSION = YES_AGGRESSIVE;
				CLANG_CXX_LANGUAGE_STANDARD = "gnu++14";
				CLANG_CXX_LIBRARY = "libc++";
				CLANG_ENABLE_MODULES = YES;
				CLANG_ENABLE_OBJC_ARC = YES;
				CLANG_ENABLE_OBJC_WEAK = YES;
				CLANG_WARN_BLOCK_CAPTURE_AUTORELEASING = YES;
				CLANG_WARN_BOOL_CONVERSION = YES;
				CLANG_WARN_COMMA = YES;
				CLANG_WARN_CONSTANT_CONVERSION = YES;
				CLANG_WARN_DEPRECATED_OBJC_IMPLEMENTATIONS = YES;
				CLANG_WARN_DIRECT_OBJC_ISA_USAGE = YES_ERROR;
				CLANG_WARN_DOCUMENTATION_COMMENTS = YES;
				CLANG_WARN_EMPTY_BODY = YES;
				CLANG_WARN_ENUM_CONVERSION = YES;
				CLANG_WARN_INFINITE_RECURSION = YES;
				CLANG_WARN_INT_CONVERSION = YES;
				CLANG_WARN_NON_LITERAL_NULL_CONVERSION = YES;
				CLANG_WARN_OBJC_IMPLICIT_RETAIN_SELF = YES;
				CLANG_WARN_OBJC_LITERAL_CONVERSION = YES;
				CLANG_WARN_OBJC_ROOT_CLASS = YES_ERROR;
				CLANG_WARN_RANGE_LOOP_ANALYSIS = YES;
				CLANG_WARN_STRICT_PROTOTYPES = YES;
				CLANG_WARN_SUSPICIOUS_MOVE = YES;
				CLANG_WARN_UNGUARDED_AVAILABILITY = YES_AGGRESSIVE;
				CLANG_WARN_UNREACHABLE_CODE = YES;
				CLANG_WARN__DUPLICATE_METHOD_MATCH = YES;
				CODE_SIGN_IDENTITY = "iPhone Developer";
				COPY_PHASE_STRIP = NO;
				DEBUG_INFORMATION_FORMAT = dwarf;
				ENABLE_STRICT_OBJC_MSGSEND = YES;
				ENABLE_TESTABILITY = YES;
				GCC_C_LANGUAGE_STANDARD = gnu11;
				GCC_DYNAMIC_NO_PIC = NO;
				GCC_NO_COMMON_BLOCKS = YES;
				GCC_OPTIMIZATION_LEVEL = 0;
				GCC_PREPROCESSOR_DEFINITIONS = (
					"DEBUG=1",
					"$(inherited)",
				);
				GCC_WARN_64_TO_32_BIT_CONVERSION = YES;
				GCC_WARN_ABOUT_RETURN_TYPE = YES_ERROR;
				GCC_WARN_UNDECLARED_SELECTOR = YES;
				GCC_WARN_UNINITIALIZED_AUTOS = YES_AGGRESSIVE;
				GCC_WARN_UNUSED_FUNCTION = YES;
				GCC_WARN_UNUSED_VARIABLE = YES;
				IPHONEOS_DEPLOYMENT_TARGET = 12.2;
				MTL_ENABLE_DEBUG_INFO = INCLUDE_SOURCE;
				MTL_FAST_MATH = YES;
				ONLY_ACTIVE_ARCH = YES;
				SDKROOT = iphoneos;
			};
			name = Debug;
		};
		FECFAA1822DB18E40034ECB9 /* Release */ = {
			isa = XCBuildConfiguration;
			buildSettings = {
				ALWAYS_SEARCH_USER_PATHS = NO;
				CLANG_ANALYZER_NONNULL = YES;
				CLANG_ANALYZER_NUMBER_OBJECT_CONVERSION = YES_AGGRESSIVE;
				CLANG_CXX_LANGUAGE_STANDARD = "gnu++14";
				CLANG_CXX_LIBRARY = "libc++";
				CLANG_ENABLE_MODULES = YES;
				CLANG_ENABLE_OBJC_ARC = YES;
				CLANG_ENABLE_OBJC_WEAK = YES;
				CLANG_WARN_BLOCK_CAPTURE_AUTORELEASING = YES;
				CLANG_WARN_BOOL_CONVERSION = YES;
				CLANG_WARN_COMMA = YES;
				CLANG_WARN_CONSTANT_CONVERSION = YES;
				CLANG_WARN_DEPRECATED_OBJC_IMPLEMENTATIONS = YES;
				CLANG_WARN_DIRECT_OBJC_ISA_USAGE = YES_ERROR;
				CLANG_WARN_DOCUMENTATION_COMMENTS = YES;
				CLANG_WARN_EMPTY_BODY = YES;
				CLANG_WARN_ENUM_CONVERSION = YES;
				CLANG_WARN_INFINITE_RECURSION = YES;
				CLANG_WARN_INT_CONVERSION = YES;
				CLANG_WARN_NON_LITERAL_NULL_CONVERSION = YES;
				CLANG_WARN_OBJC_IMPLICIT_RETAIN_SELF = YES;
				CLANG_WARN_OBJC_LITERAL_CONVERSION = YES;
				CLANG_WARN_OBJC_ROOT_CLASS = YES_ERROR;
				CLANG_WARN_RANGE_LOOP_ANALYSIS = YES;
				CLANG_WARN_STRICT_PROTOTYPES = YES;
				CLANG_WARN_SUSPICIOUS_MOVE = YES;
				CLANG_WARN_UNGUARDED_AVAILABILITY = YES_AGGRESSIVE;
				CLANG_WARN_UNREACHABLE_CODE = YES;
				CLANG_WARN__DUPLICATE_METHOD_MATCH = YES;
				CODE_SIGN_IDENTITY = "iPhone Developer";
				COPY_PHASE_STRIP = NO;
				DEBUG_INFORMATION_FORMAT = "dwarf-with-dsym";
				ENABLE_NS_ASSERTIONS = NO;
				ENABLE_STRICT_OBJC_MSGSEND = YES;
				GCC_C_LANGUAGE_STANDARD = gnu11;
				GCC_NO_COMMON_BLOCKS = YES;
				GCC_WARN_64_TO_32_BIT_CONVERSION = YES;
				GCC_WARN_ABOUT_RETURN_TYPE = YES_ERROR;
				GCC_WARN_UNDECLARED_SELECTOR = YES;
				GCC_WARN_UNINITIALIZED_AUTOS = YES_AGGRESSIVE;
				GCC_WARN_UNUSED_FUNCTION = YES;
				GCC_WARN_UNUSED_VARIABLE = YES;
				IPHONEOS_DEPLOYMENT_TARGET = 12.2;
				MTL_ENABLE_DEBUG_INFO = NO;
				MTL_FAST_MATH = YES;
				SDKROOT = iphoneos;
				VALIDATE_PRODUCT = YES;
			};
			name = Release;
		};
		FECFAA1A22DB18E40034ECB9 /* Debug */ = {
			isa = XCBuildConfiguration;
			baseConfigurationReference = 379FF7FE1C13A3EF1348830E /* Pods-OCTemplateDemo.debug.xcconfig */;
			buildSettings = {
				ASSETCATALOG_COMPILER_APPICON_NAME = AppIcon;
				CODE_SIGN_IDENTITY = "iPhone Developer";
				CODE_SIGN_STYLE = Manual;
				DEVELOPMENT_TEAM = FJ8N4S5A53;
				GCC_INCREASE_PRECOMPILED_HEADER_SHARING = NO;
				GCC_PRECOMPILE_PREFIX_HEADER = YES;
				GCC_PREFIX_HEADER = $SRCROOT/OCTemplateDemo/Class/MainBase/Other/PrefixHeader.pch;
				INFOPLIST_FILE = OCTemplateDemo/Info.plist;
				IPHONEOS_DEPLOYMENT_TARGET = 9.0;
				LD_RUNPATH_SEARCH_PATHS = (
					"$(inherited)",
					"@executable_path/Frameworks",
				);
				PRODUCT_BUNDLE_IDENTIFIER = "com.iv66.-ethon";
				PRODUCT_NAME = "$(TARGET_NAME)";
				PROVISIONING_PROFILE_SPECIFIER = commonDev;
				TARGETED_DEVICE_FAMILY = "1,2";
			};
			name = Debug;
		};
		FECFAA1B22DB18E40034ECB9 /* Release */ = {
			isa = XCBuildConfiguration;
			baseConfigurationReference = 1478A393BE252F039EEFC695 /* Pods-OCTemplateDemo.release.xcconfig */;
			buildSettings = {
				ASSETCATALOG_COMPILER_APPICON_NAME = AppIcon;
				CODE_SIGN_IDENTITY = "iPhone Developer";
				CODE_SIGN_STYLE = Manual;
				DEVELOPMENT_TEAM = "";
				GCC_INCREASE_PRECOMPILED_HEADER_SHARING = NO;
				GCC_PRECOMPILE_PREFIX_HEADER = YES;
				GCC_PREFIX_HEADER = $SRCROOT/OCTemplateDemo/Class/MainBase/Other/PrefixHeader.pch;
				INFOPLIST_FILE = OCTemplateDemo/Info.plist;
				IPHONEOS_DEPLOYMENT_TARGET = 9.0;
				LD_RUNPATH_SEARCH_PATHS = (
					"$(inherited)",
					"@executable_path/Frameworks",
				);
				PRODUCT_BUNDLE_IDENTIFIER = "com.iv66.-ethon";
				PRODUCT_NAME = "$(TARGET_NAME)";
				PROVISIONING_PROFILE_SPECIFIER = "";
				TARGETED_DEVICE_FAMILY = "1,2";
			};
			name = Release;
		};
/* End XCBuildConfiguration section */

/* Begin XCConfigurationList section */
		FECFA9FE22DB18E30034ECB9 /* Build configuration list for PBXProject "OCTemplateDemo" */ = {
			isa = XCConfigurationList;
			buildConfigurations = (
				FECFAA1722DB18E40034ECB9 /* Debug */,
				FECFAA1822DB18E40034ECB9 /* Release */,
			);
			defaultConfigurationIsVisible = 0;
			defaultConfigurationName = Release;
		};
		FECFAA1922DB18E40034ECB9 /* Build configuration list for PBXNativeTarget "OCTemplateDemo" */ = {
			isa = XCConfigurationList;
			buildConfigurations = (
				FECFAA1A22DB18E40034ECB9 /* Debug */,
				FECFAA1B22DB18E40034ECB9 /* Release */,
			);
			defaultConfigurationIsVisible = 0;
			defaultConfigurationName = Release;
		};
/* End XCConfigurationList section */
	};
	rootObject = FECFA9FB22DB18E30034ECB9 /* Project object */;
}
